// !$*UTF8*$!
{
	archiveVersion = 1;
	classes = {
	};
	objectVersion = 46;
	objects = {

/* Begin PBXBuildFile section */
		3B2B99D5143C5D9B008889D1 /* UIKit.framework in Frameworks */ = {isa = PBXBuildFile; fileRef = 3B2B99D4143C5D9B008889D1 /* UIKit.framework */; };
		3B2B99D7143C5D9B008889D1 /* Foundation.framework in Frameworks */ = {isa = PBXBuildFile; fileRef = 3B2B99D6143C5D9B008889D1 /* Foundation.framework */; };
		3B2B99D9143C5D9B008889D1 /* CoreGraphics.framework in Frameworks */ = {isa = PBXBuildFile; fileRef = 3B2B99D8143C5D9B008889D1 /* CoreGraphics.framework */; };
		3B2B99DF143C5D9B008889D1 /* InfoPlist.strings in Resources */ = {isa = PBXBuildFile; fileRef = 3B2B99DD143C5D9B008889D1 /* InfoPlist.strings */; };
		3B2B99E1143C5D9B008889D1 /* main.m in Sources */ = {isa = PBXBuildFile; fileRef = 3B2B99E0143C5D9B008889D1 /* main.m */; };
		3B2B99E5143C5D9B008889D1 /* AppDelegate.m in Sources */ = {isa = PBXBuildFile; fileRef = 3B2B99E4143C5D9B008889D1 /* AppDelegate.m */; };
		3B2B99E8143C5D9B008889D1 /* FirstViewController.m in Sources */ = {isa = PBXBuildFile; fileRef = 3B2B99E7143C5D9B008889D1 /* FirstViewController.m */; };
		3B2B99EA143C5D9B008889D1 /* first.png in Resources */ = {isa = PBXBuildFile; fileRef = 3B2B99E9143C5D9B008889D1 /* first.png */; };
		3B2B99EC143C5D9B008889D1 /* first@2x.png in Resources */ = {isa = PBXBuildFile; fileRef = 3B2B99EB143C5D9B008889D1 /* first@2x.png */; };
		3B2B99EF143C5D9B008889D1 /* SecondViewController.m in Sources */ = {isa = PBXBuildFile; fileRef = 3B2B99EE143C5D9B008889D1 /* SecondViewController.m */; };
		3B2B99F1143C5D9B008889D1 /* second.png in Resources */ = {isa = PBXBuildFile; fileRef = 3B2B99F0143C5D9B008889D1 /* second.png */; };
		3B2B99F3143C5D9B008889D1 /* second@2x.png in Resources */ = {isa = PBXBuildFile; fileRef = 3B2B99F2143C5D9B008889D1 /* second@2x.png */; };
		3B2B99F6143C5D9B008889D1 /* FirstViewController_iPhone.xib in Resources */ = {isa = PBXBuildFile; fileRef = 3B2B99F4143C5D9B008889D1 /* FirstViewController_iPhone.xib */; };
		3B2B99F9143C5D9B008889D1 /* FirstViewController_iPad.xib in Resources */ = {isa = PBXBuildFile; fileRef = 3B2B99F7143C5D9B008889D1 /* FirstViewController_iPad.xib */; };
		3B2B99FC143C5D9B008889D1 /* SecondViewController_iPhone.xib in Resources */ = {isa = PBXBuildFile; fileRef = 3B2B99FA143C5D9B008889D1 /* SecondViewController_iPhone.xib */; };
		3B2B99FF143C5D9B008889D1 /* SecondViewController_iPad.xib in Resources */ = {isa = PBXBuildFile; fileRef = 3B2B99FD143C5D9B008889D1 /* SecondViewController_iPad.xib */; };
		3B2B9A18143C5E0B008889D1 /* libLDClient.a in Frameworks */ = {isa = PBXBuildFile; fileRef = 3B2B9A12143C5DE3008889D1 /* libLDClient.a */; };
/* End PBXBuildFile section */

/* Begin PBXContainerItemProxy section */
		3B2B9A11143C5DE3008889D1 /* PBXContainerItemProxy */ = {
			isa = PBXContainerItemProxy;
			containerPortal = 3B2B9A09143C5DE3008889D1 /* LDClient.xcodeproj */;
			proxyType = 2;
			remoteGlobalIDString = 3BE2473C143C4A5F00ED2176;
			remoteInfo = LDClient;
		};
		3B2B9A13143C5DE3008889D1 /* PBXContainerItemProxy */ = {
			isa = PBXContainerItemProxy;
			containerPortal = 3B2B9A09143C5DE3008889D1 /* LDClient.xcodeproj */;
			proxyType = 2;
			remoteGlobalIDString = 3BE2474C143C4A5F00ED2176;
			remoteInfo = LDClientTests;
		};
		3B2B9A16143C5E03008889D1 /* PBXContainerItemProxy */ = {
			isa = PBXContainerItemProxy;
			containerPortal = 3B2B9A09143C5DE3008889D1 /* LDClient.xcodeproj */;
			proxyType = 1;
			remoteGlobalIDString = 3BE2473B143C4A5F00ED2176;
			remoteInfo = LDClient;
		};
/* End PBXContainerItemProxy section */

/* Begin PBXFileReference section */
		3B2B99D0143C5D9B008889D1 /* LayoutModify.app */ = {isa = PBXFileReference; explicitFileType = wrapper.application; includeInIndex = 0; path = LayoutModify.app; sourceTree = BUILT_PRODUCTS_DIR; };
		3B2B99D4143C5D9B008889D1 /* UIKit.framework */ = {isa = PBXFileReference; lastKnownFileType = wrapper.framework; name = UIKit.framework; path = System/Library/Frameworks/UIKit.framework; sourceTree = SDKROOT; };
		3B2B99D6143C5D9B008889D1 /* Foundation.framework */ = {isa = PBXFileReference; lastKnownFileType = wrapper.framework; name = Foundation.framework; path = System/Library/Frameworks/Foundation.framework; sourceTree = SDKROOT; };
		3B2B99D8143C5D9B008889D1 /* CoreGraphics.framework */ = {isa = PBXFileReference; lastKnownFileType = wrapper.framework; name = CoreGraphics.framework; path = System/Library/Frameworks/CoreGraphics.framework; sourceTree = SDKROOT; };
		3B2B99DC143C5D9B008889D1 /* LayoutModify-Info.plist */ = {isa = PBXFileReference; lastKnownFileType = text.plist.xml; path = "LayoutModify-Info.plist"; sourceTree = "<group>"; };
		3B2B99DE143C5D9B008889D1 /* en */ = {isa = PBXFileReference; lastKnownFileType = text.plist.strings; name = en; path = en.lproj/InfoPlist.strings; sourceTree = "<group>"; };
		3B2B99E0143C5D9B008889D1 /* main.m */ = {isa = PBXFileReference; lastKnownFileType = sourcecode.c.objc; path = main.m; sourceTree = "<group>"; };
		3B2B99E2143C5D9B008889D1 /* LayoutModify-Prefix.pch */ = {isa = PBXFileReference; lastKnownFileType = sourcecode.c.h; path = "LayoutModify-Prefix.pch"; sourceTree = "<group>"; };
		3B2B99E3143C5D9B008889D1 /* AppDelegate.h */ = {isa = PBXFileReference; lastKnownFileType = sourcecode.c.h; path = AppDelegate.h; sourceTree = "<group>"; };
		3B2B99E4143C5D9B008889D1 /* AppDelegate.m */ = {isa = PBXFileReference; lastKnownFileType = sourcecode.c.objc; path = AppDelegate.m; sourceTree = "<group>"; };
		3B2B99E6143C5D9B008889D1 /* FirstViewController.h */ = {isa = PBXFileReference; lastKnownFileType = sourcecode.c.h; path = FirstViewController.h; sourceTree = "<group>"; };
		3B2B99E7143C5D9B008889D1 /* FirstViewController.m */ = {isa = PBXFileReference; lastKnownFileType = sourcecode.c.objc; path = FirstViewController.m; sourceTree = "<group>"; };
		3B2B99E9143C5D9B008889D1 /* first.png */ = {isa = PBXFileReference; lastKnownFileType = image.png; path = first.png; sourceTree = "<group>"; };
		3B2B99EB143C5D9B008889D1 /* first@2x.png */ = {isa = PBXFileReference; lastKnownFileType = image.png; path = "first@2x.png"; sourceTree = "<group>"; };
		3B2B99ED143C5D9B008889D1 /* SecondViewController.h */ = {isa = PBXFileReference; lastKnownFileType = sourcecode.c.h; path = SecondViewController.h; sourceTree = "<group>"; };
		3B2B99EE143C5D9B008889D1 /* SecondViewController.m */ = {isa = PBXFileReference; lastKnownFileType = sourcecode.c.objc; path = SecondViewController.m; sourceTree = "<group>"; };
		3B2B99F0143C5D9B008889D1 /* second.png */ = {isa = PBXFileReference; lastKnownFileType = image.png; path = second.png; sourceTree = "<group>"; };
		3B2B99F2143C5D9B008889D1 /* second@2x.png */ = {isa = PBXFileReference; lastKnownFileType = image.png; path = "second@2x.png"; sourceTree = "<group>"; };
		3B2B99F5143C5D9B008889D1 /* en */ = {isa = PBXFileReference; lastKnownFileType = file.xib; name = en; path = en.lproj/FirstViewController_iPhone.xib; sourceTree = "<group>"; };
		3B2B99F8143C5D9B008889D1 /* en */ = {isa = PBXFileReference; lastKnownFileType = file.xib; name = en; path = en.lproj/FirstViewController_iPad.xib; sourceTree = "<group>"; };
		3B2B99FB143C5D9B008889D1 /* en */ = {isa = PBXFileReference; lastKnownFileType = file.xib; name = en; path = en.lproj/SecondViewController_iPhone.xib; sourceTree = "<group>"; };
		3B2B99FE143C5D9B008889D1 /* en */ = {isa = PBXFileReference; lastKnownFileType = file.xib; name = en; path = en.lproj/SecondViewController_iPad.xib; sourceTree = "<group>"; };
		3B2B9A09143C5DE3008889D1 /* LDClient.xcodeproj */ = {isa = PBXFileReference; lastKnownFileType = "wrapper.pb-project"; name = LDClient.xcodeproj; path = ../../LDClient/LDClient.xcodeproj; sourceTree = "<group>"; };
/* End PBXFileReference section */

/* Begin PBXFrameworksBuildPhase section */
		3B2B99CD143C5D9B008889D1 /* Frameworks */ = {
			isa = PBXFrameworksBuildPhase;
			buildActionMask = 2147483647;
			files = (
				3B2B9A18143C5E0B008889D1 /* libLDClient.a in Frameworks */,
				3B2B99D5143C5D9B008889D1 /* UIKit.framework in Frameworks */,
				3B2B99D7143C5D9B008889D1 /* Foundation.framework in Frameworks */,
				3B2B99D9143C5D9B008889D1 /* CoreGraphics.framework in Frameworks */,
			);
			runOnlyForDeploymentPostprocessing = 0;
		};
/* End PBXFrameworksBuildPhase section */

/* Begin PBXGroup section */
		3B2B99C5143C5D9B008889D1 = {
			isa = PBXGroup;
			children = (
				3B2B9A09143C5DE3008889D1 /* LDClient.xcodeproj */,
				3B2B99DA143C5D9B008889D1 /* LayoutModify */,
				3B2B99D3143C5D9B008889D1 /* Frameworks */,
				3B2B99D1143C5D9B008889D1 /* Products */,
			);
			sourceTree = "<group>";
		};
		3B2B99D1143C5D9B008889D1 /* Products */ = {
			isa = PBXGroup;
			children = (
				3B2B99D0143C5D9B008889D1 /* LayoutModify.app */,
			);
			name = Products;
			sourceTree = "<group>";
		};
		3B2B99D3143C5D9B008889D1 /* Frameworks */ = {
			isa = PBXGroup;
			children = (
				3B2B99D4143C5D9B008889D1 /* UIKit.framework */,
				3B2B99D6143C5D9B008889D1 /* Foundation.framework */,
				3B2B99D8143C5D9B008889D1 /* CoreGraphics.framework */,
			);
			name = Frameworks;
			sourceTree = "<group>";
		};
		3B2B99DA143C5D9B008889D1 /* LayoutModify */ = {
			isa = PBXGroup;
			children = (
				3B2B99E3143C5D9B008889D1 /* AppDelegate.h */,
				3B2B99E4143C5D9B008889D1 /* AppDelegate.m */,
				3B2B99E6143C5D9B008889D1 /* FirstViewController.h */,
				3B2B99E7143C5D9B008889D1 /* FirstViewController.m */,
				3B2B99E9143C5D9B008889D1 /* first.png */,
				3B2B99EB143C5D9B008889D1 /* first@2x.png */,
				3B2B99ED143C5D9B008889D1 /* SecondViewController.h */,
				3B2B99EE143C5D9B008889D1 /* SecondViewController.m */,
				3B2B99F0143C5D9B008889D1 /* second.png */,
				3B2B99F2143C5D9B008889D1 /* second@2x.png */,
				3B2B99F4143C5D9B008889D1 /* FirstViewController_iPhone.xib */,
				3B2B99F7143C5D9B008889D1 /* FirstViewController_iPad.xib */,
				3B2B99FA143C5D9B008889D1 /* SecondViewController_iPhone.xib */,
				3B2B99FD143C5D9B008889D1 /* SecondViewController_iPad.xib */,
				3B2B99DB143C5D9B008889D1 /* Supporting Files */,
			);
			path = LayoutModify;
			sourceTree = "<group>";
		};
		3B2B99DB143C5D9B008889D1 /* Supporting Files */ = {
			isa = PBXGroup;
			children = (
				3B2B99DC143C5D9B008889D1 /* LayoutModify-Info.plist */,
				3B2B99DD143C5D9B008889D1 /* InfoPlist.strings */,
				3B2B99E0143C5D9B008889D1 /* main.m */,
				3B2B99E2143C5D9B008889D1 /* LayoutModify-Prefix.pch */,
			);
			name = "Supporting Files";
			sourceTree = "<group>";
		};
		3B2B9A0A143C5DE3008889D1 /* Products */ = {
			isa = PBXGroup;
			children = (
				3B2B9A12143C5DE3008889D1 /* libLDClient.a */,
				3B2B9A14143C5DE3008889D1 /* LDClientTests.octest */,
			);
			name = Products;
			sourceTree = "<group>";
		};
/* End PBXGroup section */

/* Begin PBXNativeTarget section */
		3B2B99CF143C5D9B008889D1 /* LayoutModify */ = {
			isa = PBXNativeTarget;
			buildConfigurationList = 3B2B9A02143C5D9B008889D1 /* Build configuration list for PBXNativeTarget "LayoutModify" */;
			buildPhases = (
				3B2B99CC143C5D9B008889D1 /* Sources */,
				3B2B99CD143C5D9B008889D1 /* Frameworks */,
				3B2B99CE143C5D9B008889D1 /* Resources */,
			);
			buildRules = (
			);
			dependencies = (
				3B2B9A17143C5E03008889D1 /* PBXTargetDependency */,
			);
			name = LayoutModify;
			productName = LayoutModify;
			productReference = 3B2B99D0143C5D9B008889D1 /* LayoutModify.app */;
			productType = "com.apple.product-type.application";
		};
/* End PBXNativeTarget section */

/* Begin PBXProject section */
		3B2B99C7143C5D9B008889D1 /* Project object */ = {
			isa = PBXProject;
			attributes = {
				LastUpgradeCheck = 0420;
			};
			buildConfigurationList = 3B2B99CA143C5D9B008889D1 /* Build configuration list for PBXProject "LayoutModify" */;
			compatibilityVersion = "Xcode 3.2";
			developmentRegion = English;
			hasScannedForEncodings = 0;
			knownRegions = (
				en,
			);
			mainGroup = 3B2B99C5143C5D9B008889D1;
			productRefGroup = 3B2B99D1143C5D9B008889D1 /* Products */;
			projectDirPath = "";
			projectReferences = (
				{
					ProductGroup = 3B2B9A0A143C5DE3008889D1 /* Products */;
					ProjectRef = 3B2B9A09143C5DE3008889D1 /* LDClient.xcodeproj */;
				},
			);
			projectRoot = "";
			targets = (
				3B2B99CF143C5D9B008889D1 /* LayoutModify */,
			);
		};
/* End PBXProject section */

/* Begin PBXReferenceProxy section */
		3B2B9A12143C5DE3008889D1 /* libLDClient.a */ = {
			isa = PBXReferenceProxy;
			fileType = archive.ar;
			path = libLDClient.a;
			remoteRef = 3B2B9A11143C5DE3008889D1 /* PBXContainerItemProxy */;
			sourceTree = BUILT_PRODUCTS_DIR;
		};
		3B2B9A14143C5DE3008889D1 /* LDClientTests.octest */ = {
			isa = PBXReferenceProxy;
			fileType = wrapper.cfbundle;
			path = LDClientTests.octest;
			remoteRef = 3B2B9A13143C5DE3008889D1 /* PBXContainerItemProxy */;
			sourceTree = BUILT_PRODUCTS_DIR;
		};
/* End PBXReferenceProxy section */

/* Begin PBXResourcesBuildPhase section */
		3B2B99CE143C5D9B008889D1 /* Resources */ = {
			isa = PBXResourcesBuildPhase;
			buildActionMask = 2147483647;
			files = (
				3B2B99DF143C5D9B008889D1 /* InfoPlist.strings in Resources */,
				3B2B99EA143C5D9B008889D1 /* first.png in Resources */,
				3B2B99EC143C5D9B008889D1 /* first@2x.png in Resources */,
				3B2B99F1143C5D9B008889D1 /* second.png in Resources */,
				3B2B99F3143C5D9B008889D1 /* second@2x.png in Resources */,
				3B2B99F6143C5D9B008889D1 /* FirstViewController_iPhone.xib in Resources */,
				3B2B99F9143C5D9B008889D1 /* FirstViewController_iPad.xib in Resources */,
				3B2B99FC143C5D9B008889D1 /* SecondViewController_iPhone.xib in Resources */,
				3B2B99FF143C5D9B008889D1 /* SecondViewController_iPad.xib in Resources */,
			);
			runOnlyForDeploymentPostprocessing = 0;
		};
/* End PBXResourcesBuildPhase section */

/* Begin PBXSourcesBuildPhase section */
		3B2B99CC143C5D9B008889D1 /* Sources */ = {
			isa = PBXSourcesBuildPhase;
			buildActionMask = 2147483647;
			files = (
				3B2B99E1143C5D9B008889D1 /* main.m in Sources */,
				3B2B99E5143C5D9B008889D1 /* AppDelegate.m in Sources */,
				3B2B99E8143C5D9B008889D1 /* FirstViewController.m in Sources */,
				3B2B99EF143C5D9B008889D1 /* SecondViewController.m in Sources */,
			);
			runOnlyForDeploymentPostprocessing = 0;
		};
/* End PBXSourcesBuildPhase section */

/* Begin PBXTargetDependency section */
		3B2B9A17143C5E03008889D1 /* PBXTargetDependency */ = {
			isa = PBXTargetDependency;
			name = LDClient;
			targetProxy = 3B2B9A16143C5E03008889D1 /* PBXContainerItemProxy */;
		};
/* End PBXTargetDependency section */

/* Begin PBXVariantGroup section */
		3B2B99DD143C5D9B008889D1 /* InfoPlist.strings */ = {
			isa = PBXVariantGroup;
			children = (
				3B2B99DE143C5D9B008889D1 /* en */,
			);
			name = InfoPlist.strings;
			sourceTree = "<group>";
		};
		3B2B99F4143C5D9B008889D1 /* FirstViewController_iPhone.xib */ = {
			isa = PBXVariantGroup;
			children = (
				3B2B99F5143C5D9B008889D1 /* en */,
			);
			name = FirstViewController_iPhone.xib;
			sourceTree = "<group>";
		};
		3B2B99F7143C5D9B008889D1 /* FirstViewController_iPad.xib */ = {
			isa = PBXVariantGroup;
			children = (
				3B2B99F8143C5D9B008889D1 /* en */,
			);
			name = FirstViewController_iPad.xib;
			sourceTree = "<group>";
		};
		3B2B99FA143C5D9B008889D1 /* SecondViewController_iPhone.xib */ = {
			isa = PBXVariantGroup;
			children = (
				3B2B99FB143C5D9B008889D1 /* en */,
			);
			name = SecondViewController_iPhone.xib;
			sourceTree = "<group>";
		};
		3B2B99FD143C5D9B008889D1 /* SecondViewController_iPad.xib */ = {
			isa = PBXVariantGroup;
			children = (
				3B2B99FE143C5D9B008889D1 /* en */,
			);
			name = SecondViewController_iPad.xib;
			sourceTree = "<group>";
		};
/* End PBXVariantGroup section */

/* Begin XCBuildConfiguration section */
		3B2B9A00143C5D9B008889D1 /* Debug */ = {
			isa = XCBuildConfiguration;
			buildSettings = {
				ALWAYS_SEARCH_USER_PATHS = NO;
				ARCHS = "$(ARCHS_STANDARD_32_BIT)";
				CLANG_ENABLE_OBJC_ARC = YES;
				"CODE_SIGN_IDENTITY[sdk=iphoneos*]" = "iPhone Developer";
				COPY_PHASE_STRIP = NO;
				GCC_C_LANGUAGE_STANDARD = gnu99;
				GCC_DYNAMIC_NO_PIC = NO;
				GCC_OPTIMIZATION_LEVEL = 0;
				GCC_PREPROCESSOR_DEFINITIONS = (
					"DEBUG=1",
					"$(inherited)",
				);
				GCC_SYMBOLS_PRIVATE_EXTERN = NO;
				GCC_VERSION = com.apple.compilers.llvm.clang.1_0;
				GCC_WARN_ABOUT_MISSING_PROTOTYPES = YES;
				GCC_WARN_ABOUT_RETURN_TYPE = YES;
				GCC_WARN_UNUSED_VARIABLE = YES;
				HEADER_SEARCH_PATHS = "/Users/vedsurtani/Desktop/LayoutDesigner/LDClient/LDClient/**";
				IPHONEOS_DEPLOYMENT_TARGET = 5.0;
				SDKROOT = iphoneos;
				TARGETED_DEVICE_FAMILY = "1,2";
			};
			name = Debug;
		};
		3B2B9A01143C5D9B008889D1 /* Release */ = {
			isa = XCBuildConfiguration;
			buildSettings = {
				ALWAYS_SEARCH_USER_PATHS = NO;
				ARCHS = "$(ARCHS_STANDARD_32_BIT)";
				CLANG_ENABLE_OBJC_ARC = YES;
				"CODE_SIGN_IDENTITY[sdk=iphoneos*]" = "iPhone Developer";
				COPY_PHASE_STRIP = YES;
				GCC_C_LANGUAGE_STANDARD = gnu99;
				GCC_VERSION = com.apple.compilers.llvm.clang.1_0;
				GCC_WARN_ABOUT_MISSING_PROTOTYPES = YES;
				GCC_WARN_ABOUT_RETURN_TYPE = YES;
				GCC_WARN_UNUSED_VARIABLE = YES;
				HEADER_SEARCH_PATHS = "/Users/vedsurtani/Desktop/LayoutDesigner/LDClient/LDClient/**";
				IPHONEOS_DEPLOYMENT_TARGET = 5.0;
				OTHER_CFLAGS = "-DNS_BLOCK_ASSERTIONS=1";
				SDKROOT = iphoneos;
				TARGETED_DEVICE_FAMILY = "1,2";
				VALIDATE_PRODUCT = YES;
			};
			name = Release;
		};
		3B2B9A03143C5D9B008889D1 /* Debug */ = {
			isa = XCBuildConfiguration;
			buildSettings = {
				ALWAYS_SEARCH_USER_PATHS = YES;
				GCC_PRECOMPILE_PREFIX_HEADER = YES;
				GCC_PREFIX_HEADER = "LayoutModify/LayoutModify-Prefix.pch";
				HEADER_SEARCH_PATHS = "${SRCROOT}/../../LDClient/LDClient/**";
				INFOPLIST_FILE = "LayoutModify/LayoutModify-Info.plist";
				PRODUCT_NAME = "$(TARGET_NAME)";
				WRAPPER_EXTENSION = app;
			};
			name = Debug;
		};
		3B2B9A04143C5D9B008889D1 /* Release */ = {
			isa = XCBuildConfiguration;
			buildSettings = {
				ALWAYS_SEARCH_USER_PATHS = YES;
				GCC_PRECOMPILE_PREFIX_HEADER = YES;
				GCC_PREFIX_HEADER = "LayoutModify/LayoutModify-Prefix.pch";
				HEADER_SEARCH_PATHS = "${SRCROOT}/../../LDClient/LDClient/**";
				INFOPLIST_FILE = "LayoutModify/LayoutModify-Info.plist";
				PRODUCT_NAME = "$(TARGET_NAME)";
				WRAPPER_EXTENSION = app;
			};
			name = Release;
		};
/* End XCBuildConfiguration section */

/* Begin XCConfigurationList section */
		3B2B99CA143C5D9B008889D1 /* Build configuration list for PBXProject "LayoutModify" */ = {
			isa = XCConfigurationList;
			buildConfigurations = (
				3B2B9A00143C5D9B008889D1 /* Debug */,
				3B2B9A01143C5D9B008889D1 /* Release */,
			);
			defaultConfigurationIsVisible = 0;
			defaultConfigurationName = Release;
		};
		3B2B9A02143C5D9B008889D1 /* Build configuration list for PBXNativeTarget "LayoutModify" */ = {
			isa = XCConfigurationList;
			buildConfigurations = (
				3B2B9A03143C5D9B008889D1 /* Debug */,
				3B2B9A04143C5D9B008889D1 /* Release */,
			);
			defaultConfigurationIsVisible = 0;
			defaultConfigurationName = Release;
		};
/* End XCConfigurationList section */
	};
	rootObject = 3B2B99C7143C5D9B008889D1 /* Project object */;
}
