// !$*UTF8*$!
{
	archiveVersion = 1;
	classes = {
	};
	objectVersion = 46;
	objects = {

/* Begin PBXBuildFile section */
		3BC28EA41472DB65002EF7F4 /* Cocoa.framework in Frameworks */ = {isa = PBXBuildFile; fileRef = 3BC28EA31472DB65002EF7F4 /* Cocoa.framework */; };
		3BC28EB31472DB78002EF7F4 /* LDCommandMap.h in Sources */ = {isa = PBXBuildFile; fileRef = 3B460DA81472D97100357114 /* LDCommandMap.h */; };
		3BC28EB41472DB78002EF7F4 /* LDCommandMap.m in Sources */ = {isa = PBXBuildFile; fileRef = 3B460DA91472D97100357114 /* LDCommandMap.m */; };
		3BC28EB51472DB78002EF7F4 /* LDConstants.h in Sources */ = {isa = PBXBuildFile; fileRef = 3B460DAA1472D97100357114 /* LDConstants.h */; };
		3BC28EB61472DB78002EF7F4 /* LDConstants.m in Sources */ = {isa = PBXBuildFile; fileRef = 3B460DAB1472D97100357114 /* LDConstants.m */; };
		3BC28EB71472DB78002EF7F4 /* TreeNode.h in Sources */ = {isa = PBXBuildFile; fileRef = 3B460DAC1472D97100357114 /* TreeNode.h */; };
		3BC28EB81472DB78002EF7F4 /* TreeUtil.h in Sources */ = {isa = PBXBuildFile; fileRef = 3B460DAD1472D97100357114 /* TreeUtil.h */; };
		3BC28EB91472DB78002EF7F4 /* TreeUtil.m in Sources */ = {isa = PBXBuildFile; fileRef = 3B460DAE1472D97100357114 /* TreeUtil.m */; };
		3BC4D5831473847F0098AA08 /* Foundation.framework in Frameworks */ = {isa = PBXBuildFile; fileRef = 3B460D9B1472D95000357114 /* Foundation.framework */; };
		3BC4D58E147384930098AA08 /* LDCommandMap.h in Sources */ = {isa = PBXBuildFile; fileRef = 3B460DA81472D97100357114 /* LDCommandMap.h */; };
		3BC4D58F147384930098AA08 /* LDCommandMap.m in Sources */ = {isa = PBXBuildFile; fileRef = 3B460DA91472D97100357114 /* LDCommandMap.m */; };
		3BC4D590147384930098AA08 /* LDConstants.h in Sources */ = {isa = PBXBuildFile; fileRef = 3B460DAA1472D97100357114 /* LDConstants.h */; };
		3BC4D591147384930098AA08 /* LDConstants.m in Sources */ = {isa = PBXBuildFile; fileRef = 3B460DAB1472D97100357114 /* LDConstants.m */; };
		3BC4D592147384930098AA08 /* TreeNode.h in Sources */ = {isa = PBXBuildFile; fileRef = 3B460DAC1472D97100357114 /* TreeNode.h */; };
		3BC4D593147384930098AA08 /* TreeUtil.h in Sources */ = {isa = PBXBuildFile; fileRef = 3B460DAD1472D97100357114 /* TreeUtil.h */; };
		3BC4D594147384930098AA08 /* TreeUtil.m in Sources */ = {isa = PBXBuildFile; fileRef = 3B460DAE1472D97100357114 /* TreeUtil.m */; };
		3BC4D5EB14738ABE0098AA08 /* CGRectAdapter.h in Headers */ = {isa = PBXBuildFile; fileRef = 3BC4D5DD14738ABE0098AA08 /* CGRectAdapter.h */; };
		3BC4D5EC14738ABE0098AA08 /* CGRectAdapter.h in Headers */ = {isa = PBXBuildFile; fileRef = 3BC4D5DD14738ABE0098AA08 /* CGRectAdapter.h */; settings = {ATTRIBUTES = (Public, ); }; };
		3BC4D5ED14738ABE0098AA08 /* CGRectAdapter.m in Sources */ = {isa = PBXBuildFile; fileRef = 3BC4D5DE14738ABE0098AA08 /* CGRectAdapter.m */; };
		3BC4D5EE14738ABE0098AA08 /* CGRectAdapter.m in Sources */ = {isa = PBXBuildFile; fileRef = 3BC4D5DE14738ABE0098AA08 /* CGRectAdapter.m */; };
		3BC4D5EF14738ABE0098AA08 /* EnumAdapter.h in Headers */ = {isa = PBXBuildFile; fileRef = 3BC4D5DF14738ABE0098AA08 /* EnumAdapter.h */; };
		3BC4D5F014738ABE0098AA08 /* EnumAdapter.h in Headers */ = {isa = PBXBuildFile; fileRef = 3BC4D5DF14738ABE0098AA08 /* EnumAdapter.h */; settings = {ATTRIBUTES = (Public, ); }; };
		3BC4D5F114738ABE0098AA08 /* EnumAdapter.m in Sources */ = {isa = PBXBuildFile; fileRef = 3BC4D5E014738ABE0098AA08 /* EnumAdapter.m */; };
		3BC4D5F214738ABE0098AA08 /* EnumAdapter.m in Sources */ = {isa = PBXBuildFile; fileRef = 3BC4D5E014738ABE0098AA08 /* EnumAdapter.m */; };
		3BC4D5F314738ABE0098AA08 /* FloatAdapter.h in Headers */ = {isa = PBXBuildFile; fileRef = 3BC4D5E114738ABE0098AA08 /* FloatAdapter.h */; };
		3BC4D5F414738ABE0098AA08 /* FloatAdapter.h in Headers */ = {isa = PBXBuildFile; fileRef = 3BC4D5E114738ABE0098AA08 /* FloatAdapter.h */; settings = {ATTRIBUTES = (Public, ); }; };
		3BC4D5F514738ABE0098AA08 /* FloatAdapter.m in Sources */ = {isa = PBXBuildFile; fileRef = 3BC4D5E214738ABE0098AA08 /* FloatAdapter.m */; };
		3BC4D5F614738ABE0098AA08 /* FloatAdapter.m in Sources */ = {isa = PBXBuildFile; fileRef = 3BC4D5E214738ABE0098AA08 /* FloatAdapter.m */; };
		3BC4D5F714738ABE0098AA08 /* IntegerAdapter.h in Headers */ = {isa = PBXBuildFile; fileRef = 3BC4D5E314738ABE0098AA08 /* IntegerAdapter.h */; };
		3BC4D5F814738ABE0098AA08 /* IntegerAdapter.h in Headers */ = {isa = PBXBuildFile; fileRef = 3BC4D5E314738ABE0098AA08 /* IntegerAdapter.h */; settings = {ATTRIBUTES = (Public, ); }; };
		3BC4D5F914738ABE0098AA08 /* IntegerAdapter.m in Sources */ = {isa = PBXBuildFile; fileRef = 3BC4D5E414738ABE0098AA08 /* IntegerAdapter.m */; };
		3BC4D5FA14738ABE0098AA08 /* IntegerAdapter.m in Sources */ = {isa = PBXBuildFile; fileRef = 3BC4D5E414738ABE0098AA08 /* IntegerAdapter.m */; };
		3BC4D5FB14738ABE0098AA08 /* NSStringAdapter.h in Headers */ = {isa = PBXBuildFile; fileRef = 3BC4D5E514738ABE0098AA08 /* NSStringAdapter.h */; };
		3BC4D5FC14738ABE0098AA08 /* NSStringAdapter.h in Headers */ = {isa = PBXBuildFile; fileRef = 3BC4D5E514738ABE0098AA08 /* NSStringAdapter.h */; settings = {ATTRIBUTES = (Public, ); }; };
		3BC4D5FD14738ABE0098AA08 /* NSStringAdapter.m in Sources */ = {isa = PBXBuildFile; fileRef = 3BC4D5E614738ABE0098AA08 /* NSStringAdapter.m */; };
		3BC4D5FE14738ABE0098AA08 /* NSStringAdapter.m in Sources */ = {isa = PBXBuildFile; fileRef = 3BC4D5E614738ABE0098AA08 /* NSStringAdapter.m */; };
		3BC4D5FF14738ABE0098AA08 /* UIColorAdapter.h in Headers */ = {isa = PBXBuildFile; fileRef = 3BC4D5E714738ABE0098AA08 /* UIColorAdapter.h */; };
		3BC4D60014738ABE0098AA08 /* UIColorAdapter.h in Headers */ = {isa = PBXBuildFile; fileRef = 3BC4D5E714738ABE0098AA08 /* UIColorAdapter.h */; settings = {ATTRIBUTES = (Public, ); }; };
		3BC4D60114738ABE0098AA08 /* UIColorAdapter.m in Sources */ = {isa = PBXBuildFile; fileRef = 3BC4D5E814738ABE0098AA08 /* UIColorAdapter.m */; };
		3BC4D60214738ABE0098AA08 /* UIColorAdapter.m in Sources */ = {isa = PBXBuildFile; fileRef = 3BC4D5E814738ABE0098AA08 /* UIColorAdapter.m */; };
		3BC4D60314738ABE0098AA08 /* UIImageAdapter.h in Headers */ = {isa = PBXBuildFile; fileRef = 3BC4D5E914738ABE0098AA08 /* UIImageAdapter.h */; };
		3BC4D60414738ABE0098AA08 /* UIImageAdapter.h in Headers */ = {isa = PBXBuildFile; fileRef = 3BC4D5E914738ABE0098AA08 /* UIImageAdapter.h */; settings = {ATTRIBUTES = (Public, ); }; };
		3BC4D60514738ABE0098AA08 /* UIImageAdapter.m in Sources */ = {isa = PBXBuildFile; fileRef = 3BC4D5EA14738ABE0098AA08 /* UIImageAdapter.m */; };
		3BC4D60614738ABE0098AA08 /* UIImageAdapter.m in Sources */ = {isa = PBXBuildFile; fileRef = 3BC4D5EA14738ABE0098AA08 /* UIImageAdapter.m */; };
		3BC4D60914738AF70098AA08 /* TypeAdapter.h in Headers */ = {isa = PBXBuildFile; fileRef = 3BC4D60814738AF70098AA08 /* TypeAdapter.h */; };
		3BC4D60A14738AF70098AA08 /* TypeAdapter.h in Headers */ = {isa = PBXBuildFile; fileRef = 3BC4D60814738AF70098AA08 /* TypeAdapter.h */; settings = {ATTRIBUTES = (Public, ); }; };
/* End PBXBuildFile section */

/* Begin PBXFileReference section */
		3B460D9B1472D95000357114 /* Foundation.framework */ = {isa = PBXFileReference; lastKnownFileType = wrapper.framework; name = Foundation.framework; path = System/Library/Frameworks/Foundation.framework; sourceTree = SDKROOT; };
		3B460D9F1472D95000357114 /* LDCommon-Prefix.pch */ = {isa = PBXFileReference; lastKnownFileType = sourcecode.c.h; path = "LDCommon-Prefix.pch"; sourceTree = "<group>"; };
		3B460DA81472D97100357114 /* LDCommandMap.h */ = {isa = PBXFileReference; fileEncoding = 4; lastKnownFileType = sourcecode.c.h; path = LDCommandMap.h; sourceTree = "<group>"; };
		3B460DA91472D97100357114 /* LDCommandMap.m */ = {isa = PBXFileReference; fileEncoding = 4; lastKnownFileType = sourcecode.c.objc; path = LDCommandMap.m; sourceTree = "<group>"; };
		3B460DAA1472D97100357114 /* LDConstants.h */ = {isa = PBXFileReference; fileEncoding = 4; lastKnownFileType = sourcecode.c.h; path = LDConstants.h; sourceTree = "<group>"; };
		3B460DAB1472D97100357114 /* LDConstants.m */ = {isa = PBXFileReference; fileEncoding = 4; lastKnownFileType = sourcecode.c.objc; path = LDConstants.m; sourceTree = "<group>"; };
		3B460DAC1472D97100357114 /* TreeNode.h */ = {isa = PBXFileReference; fileEncoding = 4; lastKnownFileType = sourcecode.c.h; path = TreeNode.h; sourceTree = "<group>"; };
		3B460DAD1472D97100357114 /* TreeUtil.h */ = {isa = PBXFileReference; fileEncoding = 4; lastKnownFileType = sourcecode.c.h; path = TreeUtil.h; sourceTree = "<group>"; };
		3B460DAE1472D97100357114 /* TreeUtil.m */ = {isa = PBXFileReference; fileEncoding = 4; lastKnownFileType = sourcecode.c.objc; path = TreeUtil.m; sourceTree = "<group>"; };
		3BC28EA21472DB65002EF7F4 /* libLDCommonMac.a */ = {isa = PBXFileReference; explicitFileType = archive.ar; includeInIndex = 0; path = libLDCommonMac.a; sourceTree = BUILT_PRODUCTS_DIR; };
		3BC28EA31472DB65002EF7F4 /* Cocoa.framework */ = {isa = PBXFileReference; lastKnownFileType = wrapper.framework; name = Cocoa.framework; path = Library/Frameworks/Cocoa.framework; sourceTree = DEVELOPER_DIR; };
		3BC28EA61472DB65002EF7F4 /* AppKit.framework */ = {isa = PBXFileReference; lastKnownFileType = wrapper.framework; name = AppKit.framework; path = Library/Frameworks/AppKit.framework; sourceTree = SDKROOT; };
		3BC28EA71472DB65002EF7F4 /* CoreData.framework */ = {isa = PBXFileReference; lastKnownFileType = wrapper.framework; name = CoreData.framework; path = Library/Frameworks/CoreData.framework; sourceTree = SDKROOT; };
		3BC28EA81472DB65002EF7F4 /* Foundation.framework */ = {isa = PBXFileReference; lastKnownFileType = wrapper.framework; name = Foundation.framework; path = Library/Frameworks/Foundation.framework; sourceTree = SDKROOT; };
		3BC28EAB1472DB65002EF7F4 /* LDCommonMac-Prefix.pch */ = {isa = PBXFileReference; lastKnownFileType = sourcecode.c.h; path = "LDCommonMac-Prefix.pch"; sourceTree = "<group>"; };
		3BC4D5821473847F0098AA08 /* libLDCommonIOS.a */ = {isa = PBXFileReference; explicitFileType = archive.ar; includeInIndex = 0; path = libLDCommonIOS.a; sourceTree = BUILT_PRODUCTS_DIR; };
		3BC4D5861473847F0098AA08 /* LDCommonIOS-Prefix.pch */ = {isa = PBXFileReference; lastKnownFileType = sourcecode.c.h; path = "LDCommonIOS-Prefix.pch"; sourceTree = "<group>"; };
		3BC4D5DD14738ABE0098AA08 /* CGRectAdapter.h */ = {isa = PBXFileReference; fileEncoding = 4; lastKnownFileType = sourcecode.c.h; path = CGRectAdapter.h; sourceTree = "<group>"; };
		3BC4D5DE14738ABE0098AA08 /* CGRectAdapter.m */ = {isa = PBXFileReference; fileEncoding = 4; lastKnownFileType = sourcecode.c.objc; path = CGRectAdapter.m; sourceTree = "<group>"; };
		3BC4D5DF14738ABE0098AA08 /* EnumAdapter.h */ = {isa = PBXFileReference; fileEncoding = 4; lastKnownFileType = sourcecode.c.h; path = EnumAdapter.h; sourceTree = "<group>"; };
		3BC4D5E014738ABE0098AA08 /* EnumAdapter.m */ = {isa = PBXFileReference; fileEncoding = 4; lastKnownFileType = sourcecode.c.objc; path = EnumAdapter.m; sourceTree = "<group>"; };
		3BC4D5E114738ABE0098AA08 /* FloatAdapter.h */ = {isa = PBXFileReference; fileEncoding = 4; lastKnownFileType = sourcecode.c.h; path = FloatAdapter.h; sourceTree = "<group>"; };
		3BC4D5E214738ABE0098AA08 /* FloatAdapter.m */ = {isa = PBXFileReference; fileEncoding = 4; lastKnownFileType = sourcecode.c.objc; path = FloatAdapter.m; sourceTree = "<group>"; };
		3BC4D5E314738ABE0098AA08 /* IntegerAdapter.h */ = {isa = PBXFileReference; fileEncoding = 4; lastKnownFileType = sourcecode.c.h; path = IntegerAdapter.h; sourceTree = "<group>"; };
		3BC4D5E414738ABE0098AA08 /* IntegerAdapter.m */ = {isa = PBXFileReference; fileEncoding = 4; lastKnownFileType = sourcecode.c.objc; path = IntegerAdapter.m; sourceTree = "<group>"; };
		3BC4D5E514738ABE0098AA08 /* NSStringAdapter.h */ = {isa = PBXFileReference; fileEncoding = 4; lastKnownFileType = sourcecode.c.h; path = NSStringAdapter.h; sourceTree = "<group>"; };
		3BC4D5E614738ABE0098AA08 /* NSStringAdapter.m */ = {isa = PBXFileReference; fileEncoding = 4; lastKnownFileType = sourcecode.c.objc; path = NSStringAdapter.m; sourceTree = "<group>"; };
		3BC4D5E714738ABE0098AA08 /* UIColorAdapter.h */ = {isa = PBXFileReference; fileEncoding = 4; lastKnownFileType = sourcecode.c.h; path = UIColorAdapter.h; sourceTree = "<group>"; };
		3BC4D5E814738ABE0098AA08 /* UIColorAdapter.m */ = {isa = PBXFileReference; fileEncoding = 4; lastKnownFileType = sourcecode.c.objc; path = UIColorAdapter.m; sourceTree = "<group>"; };
		3BC4D5E914738ABE0098AA08 /* UIImageAdapter.h */ = {isa = PBXFileReference; fileEncoding = 4; lastKnownFileType = sourcecode.c.h; path = UIImageAdapter.h; sourceTree = "<group>"; };
		3BC4D5EA14738ABE0098AA08 /* UIImageAdapter.m */ = {isa = PBXFileReference; fileEncoding = 4; lastKnownFileType = sourcecode.c.objc; path = UIImageAdapter.m; sourceTree = "<group>"; };
		3BC4D60814738AF70098AA08 /* TypeAdapter.h */ = {isa = PBXFileReference; fileEncoding = 4; lastKnownFileType = sourcecode.c.h; path = TypeAdapter.h; sourceTree = "<group>"; };
/* End PBXFileReference section */

/* Begin PBXFrameworksBuildPhase section */
		3BC28E9F1472DB65002EF7F4 /* Frameworks */ = {
			isa = PBXFrameworksBuildPhase;
			buildActionMask = 2147483647;
			files = (
				3BC28EA41472DB65002EF7F4 /* Cocoa.framework in Frameworks */,
			);
			runOnlyForDeploymentPostprocessing = 0;
		};
		3BC4D57F1473847F0098AA08 /* Frameworks */ = {
			isa = PBXFrameworksBuildPhase;
			buildActionMask = 2147483647;
			files = (
				3BC4D5831473847F0098AA08 /* Foundation.framework in Frameworks */,
			);
			runOnlyForDeploymentPostprocessing = 0;
		};
/* End PBXFrameworksBuildPhase section */

/* Begin PBXGroup section */
		3B460D8D1472D95000357114 = {
			isa = PBXGroup;
			children = (
				3B460D9D1472D95000357114 /* LDCommon */,
				3BC28EA91472DB65002EF7F4 /* LDCommonMac */,
				3BC4D5841473847F0098AA08 /* LDCommonIOS */,
				3B460D9A1472D95000357114 /* Frameworks */,
				3B460D991472D95000357114 /* Products */,
			);
			sourceTree = "<group>";
		};
		3B460D991472D95000357114 /* Products */ = {
			isa = PBXGroup;
			children = (
				3BC28EA21472DB65002EF7F4 /* libLDCommonMac.a */,
				3BC4D5821473847F0098AA08 /* libLDCommonIOS.a */,
			);
			name = Products;
			sourceTree = "<group>";
		};
		3B460D9A1472D95000357114 /* Frameworks */ = {
			isa = PBXGroup;
			children = (
				3B460D9B1472D95000357114 /* Foundation.framework */,
				3BC28EA31472DB65002EF7F4 /* Cocoa.framework */,
				3BC28EA51472DB65002EF7F4 /* Other Frameworks */,
			);
			name = Frameworks;
			sourceTree = "<group>";
		};
		3B460D9D1472D95000357114 /* LDCommon */ = {
			isa = PBXGroup;
			children = (
				3BC4D5DC14738ABE0098AA08 /* supportedTypes */,
				3B460DA81472D97100357114 /* LDCommandMap.h */,
				3B460DA91472D97100357114 /* LDCommandMap.m */,
				3B460DAA1472D97100357114 /* LDConstants.h */,
				3B460DAB1472D97100357114 /* LDConstants.m */,
				3B460DAC1472D97100357114 /* TreeNode.h */,
				3B460DAD1472D97100357114 /* TreeUtil.h */,
				3B460DAE1472D97100357114 /* TreeUtil.m */,
				3B460D9E1472D95000357114 /* Supporting Files */,
			);
			path = LDCommon;
			sourceTree = "<group>";
		};
		3B460D9E1472D95000357114 /* Supporting Files */ = {
			isa = PBXGroup;
			children = (
				3B460D9F1472D95000357114 /* LDCommon-Prefix.pch */,
			);
			name = "Supporting Files";
			sourceTree = "<group>";
		};
		3BC28EA51472DB65002EF7F4 /* Other Frameworks */ = {
			isa = PBXGroup;
			children = (
				3BC28EA61472DB65002EF7F4 /* AppKit.framework */,
				3BC28EA71472DB65002EF7F4 /* CoreData.framework */,
				3BC28EA81472DB65002EF7F4 /* Foundation.framework */,
			);
			name = "Other Frameworks";
			sourceTree = "<group>";
		};
		3BC28EA91472DB65002EF7F4 /* LDCommonMac */ = {
			isa = PBXGroup;
			children = (
				3BC28EAA1472DB65002EF7F4 /* Supporting Files */,
			);
			path = LDCommonMac;
			sourceTree = "<group>";
		};
		3BC28EAA1472DB65002EF7F4 /* Supporting Files */ = {
			isa = PBXGroup;
			children = (
				3BC28EAB1472DB65002EF7F4 /* LDCommonMac-Prefix.pch */,
			);
			name = "Supporting Files";
			sourceTree = "<group>";
		};
		3BC4D5841473847F0098AA08 /* LDCommonIOS */ = {
			isa = PBXGroup;
			children = (
				3BC4D5851473847F0098AA08 /* Supporting Files */,
			);
			path = LDCommonIOS;
			sourceTree = "<group>";
		};
		3BC4D5851473847F0098AA08 /* Supporting Files */ = {
			isa = PBXGroup;
			children = (
				3BC4D5861473847F0098AA08 /* LDCommonIOS-Prefix.pch */,
			);
			name = "Supporting Files";
			sourceTree = "<group>";
		};
		3BC4D5DC14738ABE0098AA08 /* supportedTypes */ = {
			isa = PBXGroup;
			children = (
				3BC4D60814738AF70098AA08 /* TypeAdapter.h */,
				3BC4D5DD14738ABE0098AA08 /* CGRectAdapter.h */,
				3BC4D5DE14738ABE0098AA08 /* CGRectAdapter.m */,
				3BC4D5DF14738ABE0098AA08 /* EnumAdapter.h */,
				3BC4D5E014738ABE0098AA08 /* EnumAdapter.m */,
				3BC4D5E114738ABE0098AA08 /* FloatAdapter.h */,
				3BC4D5E214738ABE0098AA08 /* FloatAdapter.m */,
				3BC4D5E314738ABE0098AA08 /* IntegerAdapter.h */,
				3BC4D5E414738ABE0098AA08 /* IntegerAdapter.m */,
				3BC4D5E514738ABE0098AA08 /* NSStringAdapter.h */,
				3BC4D5E614738ABE0098AA08 /* NSStringAdapter.m */,
				3BC4D5E714738ABE0098AA08 /* UIColorAdapter.h */,
				3BC4D5E814738ABE0098AA08 /* UIColorAdapter.m */,
				3BC4D5E914738ABE0098AA08 /* UIImageAdapter.h */,
				3BC4D5EA14738ABE0098AA08 /* UIImageAdapter.m */,
			);
			path = supportedTypes;
			sourceTree = "<group>";
		};
/* End PBXGroup section */

/* Begin PBXHeadersBuildPhase section */
		3BC28EA01472DB65002EF7F4 /* Headers */ = {
			isa = PBXHeadersBuildPhase;
			buildActionMask = 2147483647;
			files = (
				3BC4D5EB14738ABE0098AA08 /* CGRectAdapter.h in Headers */,
				3BC4D5EF14738ABE0098AA08 /* EnumAdapter.h in Headers */,
				3BC4D5F314738ABE0098AA08 /* FloatAdapter.h in Headers */,
				3BC4D5F714738ABE0098AA08 /* IntegerAdapter.h in Headers */,
				3BC4D5FB14738ABE0098AA08 /* NSStringAdapter.h in Headers */,
				3BC4D5FF14738ABE0098AA08 /* UIColorAdapter.h in Headers */,
				3BC4D60314738ABE0098AA08 /* UIImageAdapter.h in Headers */,
				3BC4D60914738AF70098AA08 /* TypeAdapter.h in Headers */,
			);
			runOnlyForDeploymentPostprocessing = 0;
		};
		3BC4D5801473847F0098AA08 /* Headers */ = {
			isa = PBXHeadersBuildPhase;
			buildActionMask = 2147483647;
			files = (
				3BC4D5EC14738ABE0098AA08 /* CGRectAdapter.h in Headers */,
				3BC4D5F014738ABE0098AA08 /* EnumAdapter.h in Headers */,
				3BC4D5F414738ABE0098AA08 /* FloatAdapter.h in Headers */,
				3BC4D5F814738ABE0098AA08 /* IntegerAdapter.h in Headers */,
				3BC4D5FC14738ABE0098AA08 /* NSStringAdapter.h in Headers */,
				3BC4D60014738ABE0098AA08 /* UIColorAdapter.h in Headers */,
				3BC4D60414738ABE0098AA08 /* UIImageAdapter.h in Headers */,
				3BC4D60A14738AF70098AA08 /* TypeAdapter.h in Headers */,
			);
			runOnlyForDeploymentPostprocessing = 0;
		};
/* End PBXHeadersBuildPhase section */

/* Begin PBXNativeTarget section */
		3BC28EA11472DB65002EF7F4 /* LDCommonMac */ = {
			isa = PBXNativeTarget;
			buildConfigurationList = 3BC28EB11472DB65002EF7F4 /* Build configuration list for PBXNativeTarget "LDCommonMac" */;
			buildPhases = (
				3BC28E9E1472DB65002EF7F4 /* Sources */,
				3BC28E9F1472DB65002EF7F4 /* Frameworks */,
				3BC28EA01472DB65002EF7F4 /* Headers */,
			);
			buildRules = (
			);
			dependencies = (
			);
			name = LDCommonMac;
			productName = LDCommonMac;
			productReference = 3BC28EA21472DB65002EF7F4 /* libLDCommonMac.a */;
			productType = "com.apple.product-type.library.static";
		};
		3BC4D5811473847F0098AA08 /* LDCommonIOS */ = {
			isa = PBXNativeTarget;
			buildConfigurationList = 3BC4D58C1473847F0098AA08 /* Build configuration list for PBXNativeTarget "LDCommonIOS" */;
			buildPhases = (
				3BC4D57E1473847F0098AA08 /* Sources */,
				3BC4D57F1473847F0098AA08 /* Frameworks */,
				3BC4D5801473847F0098AA08 /* Headers */,
			);
			buildRules = (
			);
			dependencies = (
			);
			name = LDCommonIOS;
			productName = LDCommonIOS;
			productReference = 3BC4D5821473847F0098AA08 /* libLDCommonIOS.a */;
			productType = "com.apple.product-type.library.static";
		};
/* End PBXNativeTarget section */

/* Begin PBXProject section */
		3B460D8F1472D95000357114 /* Project object */ = {
			isa = PBXProject;
			attributes = {
				LastUpgradeCheck = 0420;
			};
			buildConfigurationList = 3B460D921472D95000357114 /* Build configuration list for PBXProject "LDCommon" */;
			compatibilityVersion = "Xcode 3.2";
			developmentRegion = English;
			hasScannedForEncodings = 0;
			knownRegions = (
				en,
			);
			mainGroup = 3B460D8D1472D95000357114;
			productRefGroup = 3B460D991472D95000357114 /* Products */;
			projectDirPath = "";
			projectRoot = "";
			targets = (
				3BC28EA11472DB65002EF7F4 /* LDCommonMac */,
				3BC4D5811473847F0098AA08 /* LDCommonIOS */,
			);
		};
/* End PBXProject section */

/* Begin PBXSourcesBuildPhase section */
		3BC28E9E1472DB65002EF7F4 /* Sources */ = {
			isa = PBXSourcesBuildPhase;
			buildActionMask = 2147483647;
			files = (
				3BC28EB31472DB78002EF7F4 /* LDCommandMap.h in Sources */,
				3BC28EB41472DB78002EF7F4 /* LDCommandMap.m in Sources */,
				3BC28EB51472DB78002EF7F4 /* LDConstants.h in Sources */,
				3BC28EB61472DB78002EF7F4 /* LDConstants.m in Sources */,
				3BC28EB71472DB78002EF7F4 /* TreeNode.h in Sources */,
				3BC28EB81472DB78002EF7F4 /* TreeUtil.h in Sources */,
				3BC28EB91472DB78002EF7F4 /* TreeUtil.m in Sources */,
				3BC4D5ED14738ABE0098AA08 /* CGRectAdapter.m in Sources */,
				3BC4D5F114738ABE0098AA08 /* EnumAdapter.m in Sources */,
				3BC4D5F514738ABE0098AA08 /* FloatAdapter.m in Sources */,
				3BC4D5F914738ABE0098AA08 /* IntegerAdapter.m in Sources */,
				3BC4D5FD14738ABE0098AA08 /* NSStringAdapter.m in Sources */,
				3BC4D60114738ABE0098AA08 /* UIColorAdapter.m in Sources */,
				3BC4D60514738ABE0098AA08 /* UIImageAdapter.m in Sources */,
			);
			runOnlyForDeploymentPostprocessing = 0;
		};
		3BC4D57E1473847F0098AA08 /* Sources */ = {
			isa = PBXSourcesBuildPhase;
			buildActionMask = 2147483647;
			files = (
				3BC4D58E147384930098AA08 /* LDCommandMap.h in Sources */,
				3BC4D58F147384930098AA08 /* LDCommandMap.m in Sources */,
				3BC4D590147384930098AA08 /* LDConstants.h in Sources */,
				3BC4D591147384930098AA08 /* LDConstants.m in Sources */,
				3BC4D592147384930098AA08 /* TreeNode.h in Sources */,
				3BC4D593147384930098AA08 /* TreeUtil.h in Sources */,
				3BC4D594147384930098AA08 /* TreeUtil.m in Sources */,
				3BC4D5EE14738ABE0098AA08 /* CGRectAdapter.m in Sources */,
				3BC4D5F214738ABE0098AA08 /* EnumAdapter.m in Sources */,
				3BC4D5F614738ABE0098AA08 /* FloatAdapter.m in Sources */,
				3BC4D5FA14738ABE0098AA08 /* IntegerAdapter.m in Sources */,
				3BC4D5FE14738ABE0098AA08 /* NSStringAdapter.m in Sources */,
				3BC4D60214738ABE0098AA08 /* UIColorAdapter.m in Sources */,
				3BC4D60614738ABE0098AA08 /* UIImageAdapter.m in Sources */,
			);
			runOnlyForDeploymentPostprocessing = 0;
		};
/* End PBXSourcesBuildPhase section */

/* Begin XCBuildConfiguration section */
		3B460DA31472D95000357114 /* Debug */ = {
			isa = XCBuildConfiguration;
			buildSettings = {
				ALWAYS_SEARCH_USER_PATHS = NO;
				ARCHS = "$(ARCHS_STANDARD_32_BIT)";
				CLANG_ENABLE_OBJC_ARC = YES;
				COPY_PHASE_STRIP = NO;
				GCC_C_LANGUAGE_STANDARD = gnu99;
				GCC_DYNAMIC_NO_PIC = NO;
				GCC_OPTIMIZATION_LEVEL = 0;
				GCC_PREPROCESSOR_DEFINITIONS = (
					"DEBUG=1",
					"$(inherited)",
				);
				GCC_SYMBOLS_PRIVATE_EXTERN = NO;
				GCC_VERSION = com.apple.compilers.llvm.clang.1_0;
				GCC_WARN_ABOUT_MISSING_PROTOTYPES = YES;
				GCC_WARN_ABOUT_RETURN_TYPE = YES;
				GCC_WARN_UNUSED_VARIABLE = YES;
				IPHONEOS_DEPLOYMENT_TARGET = 5.0;
				SDKROOT = iphoneos;
			};
			name = Debug;
		};
		3B460DA41472D95000357114 /* Release */ = {
			isa = XCBuildConfiguration;
			buildSettings = {
				ALWAYS_SEARCH_USER_PATHS = NO;
				ARCHS = "$(ARCHS_STANDARD_32_BIT)";
				CLANG_ENABLE_OBJC_ARC = YES;
				COPY_PHASE_STRIP = YES;
				GCC_C_LANGUAGE_STANDARD = gnu99;
				GCC_VERSION = com.apple.compilers.llvm.clang.1_0;
				GCC_WARN_ABOUT_MISSING_PROTOTYPES = YES;
				GCC_WARN_ABOUT_RETURN_TYPE = YES;
				GCC_WARN_UNUSED_VARIABLE = YES;
				IPHONEOS_DEPLOYMENT_TARGET = 5.0;
				SDKROOT = iphoneos;
				VALIDATE_PRODUCT = YES;
			};
			name = Release;
		};
		3BC28EAF1472DB65002EF7F4 /* Debug */ = {
			isa = XCBuildConfiguration;
			buildSettings = {
				ARCHS = "$(ARCHS_STANDARD_64_BIT)";
				FRAMEWORK_SEARCH_PATHS = (
					"$(inherited)",
					"\"$(DEVELOPER_FRAMEWORKS_DIR)\"",
				);
				GCC_ENABLE_OBJC_EXCEPTIONS = YES;
				GCC_PRECOMPILE_PREFIX_HEADER = YES;
				GCC_PREFIX_HEADER = "LDCommonMac/LDCommonMac-Prefix.pch";
				GCC_WARN_64_TO_32_BIT_CONVERSION = YES;
				MACOSX_DEPLOYMENT_TARGET = 10.7;
				ONLY_ACTIVE_ARCH = YES;
				PRODUCT_NAME = "$(TARGET_NAME)";
				SDKROOT = macosx;
			};
			name = Debug;
		};
		3BC28EB01472DB65002EF7F4 /* Release */ = {
			isa = XCBuildConfiguration;
			buildSettings = {
				ARCHS = "$(ARCHS_STANDARD_64_BIT)";
				DEBUG_INFORMATION_FORMAT = "dwarf-with-dsym";
				FRAMEWORK_SEARCH_PATHS = (
					"$(inherited)",
					"\"$(DEVELOPER_FRAMEWORKS_DIR)\"",
				);
				GCC_ENABLE_OBJC_EXCEPTIONS = YES;
				GCC_PRECOMPILE_PREFIX_HEADER = YES;
				GCC_PREFIX_HEADER = "LDCommonMac/LDCommonMac-Prefix.pch";
				GCC_WARN_64_TO_32_BIT_CONVERSION = YES;
				MACOSX_DEPLOYMENT_TARGET = 10.7;
				PRODUCT_NAME = "$(TARGET_NAME)";
				SDKROOT = macosx;
			};
			name = Release;
		};
		3BC4D58A1473847F0098AA08 /* Debug */ = {
			isa = XCBuildConfiguration;
			buildSettings = {
				DSTROOT = /tmp/LDCommonIOS.dst;
				GCC_PRECOMPILE_PREFIX_HEADER = YES;
				GCC_PREFIX_HEADER = "LDCommonIOS/LDCommonIOS-Prefix.pch";
				OTHER_LDFLAGS = "-ObjC";
				PRODUCT_NAME = "$(TARGET_NAME)";
				SKIP_INSTALL = YES;
			};
			name = Debug;
		};
		3BC4D58B1473847F0098AA08 /* Release */ = {
			isa = XCBuildConfiguration;
			buildSettings = {
				DSTROOT = /tmp/LDCommonIOS.dst;
				GCC_PRECOMPILE_PREFIX_HEADER = YES;
				GCC_PREFIX_HEADER = "LDCommonIOS/LDCommonIOS-Prefix.pch";
				OTHER_LDFLAGS = "-ObjC";
				PRODUCT_NAME = "$(TARGET_NAME)";
				SKIP_INSTALL = YES;
			};
			name = Release;
		};
/* End XCBuildConfiguration section */

/* Begin XCConfigurationList section */
		3B460D921472D95000357114 /* Build configuration list for PBXProject "LDCommon" */ = {
			isa = XCConfigurationList;
			buildConfigurations = (
				3B460DA31472D95000357114 /* Debug */,
				3B460DA41472D95000357114 /* Release */,
			);
			defaultConfigurationIsVisible = 0;
			defaultConfigurationName = Release;
		};
		3BC28EB11472DB65002EF7F4 /* Build configuration list for PBXNativeTarget "LDCommonMac" */ = {
			isa = XCConfigurationList;
			buildConfigurations = (
				3BC28EAF1472DB65002EF7F4 /* Debug */,
				3BC28EB01472DB65002EF7F4 /* Release */,
			);
			defaultConfigurationIsVisible = 0;
			defaultConfigurationName = Release;
		};
		3BC4D58C1473847F0098AA08 /* Build configuration list for PBXNativeTarget "LDCommonIOS" */ = {
			isa = XCConfigurationList;
			buildConfigurations = (
				3BC4D58A1473847F0098AA08 /* Debug */,
				3BC4D58B1473847F0098AA08 /* Release */,
			);
			defaultConfigurationIsVisible = 0;
			defaultConfigurationName = Release;
		};
/* End XCConfigurationList section */
	};
	rootObject = 3B460D8F1472D95000357114 /* Project object */;
}
