// !$*UTF8*$!
{
	archiveVersion = 1;
	classes = {
	};
	objectVersion = 46;
	objects = {

/* Begin PBXBuildFile section */
		3B0EB4001471250000E913C5 /* LDCommandMap.h in Headers */ = {isa = PBXBuildFile; fileRef = 3B0EB3F91471250000E913C5 /* LDCommandMap.h */; settings = {ATTRIBUTES = (Public, ); }; };
		3B0EB4011471250000E913C5 /* LDCommandMap.m in Sources */ = {isa = PBXBuildFile; fileRef = 3B0EB3FA1471250000E913C5 /* LDCommandMap.m */; };
		3B0EB4021471250000E913C5 /* LDConstants.h in Headers */ = {isa = PBXBuildFile; fileRef = 3B0EB3FB1471250000E913C5 /* LDConstants.h */; settings = {ATTRIBUTES = (Public, ); }; };
		3B0EB4031471250000E913C5 /* LDConstants.m in Sources */ = {isa = PBXBuildFile; fileRef = 3B0EB3FC1471250000E913C5 /* LDConstants.m */; };
		3B0EB4041471250000E913C5 /* TreeNode.h in Headers */ = {isa = PBXBuildFile; fileRef = 3B0EB3FD1471250000E913C5 /* TreeNode.h */; settings = {ATTRIBUTES = (Public, ); }; };
		3B0EB4051471250000E913C5 /* TreeUtil.h in Headers */ = {isa = PBXBuildFile; fileRef = 3B0EB3FE1471250000E913C5 /* TreeUtil.h */; settings = {ATTRIBUTES = (Public, ); }; };
		3B0EB4061471250000E913C5 /* TreeUtil.m in Sources */ = {isa = PBXBuildFile; fileRef = 3B0EB3FF1471250000E913C5 /* TreeUtil.m */; };
		3B39A6141462CA31009B7A7E /* LDEnumMap.h in Headers */ = {isa = PBXBuildFile; fileRef = 3B39A6121462CA30009B7A7E /* LDEnumMap.h */; settings = {ATTRIBUTES = (Public, ); }; };
		3B39A6151462CA31009B7A7E /* LDEnumMap.m in Sources */ = {isa = PBXBuildFile; fileRef = 3B39A6131462CA30009B7A7E /* LDEnumMap.m */; };
		3B460D6014714D2200357114 /* QuartzCore.framework in Frameworks */ = {isa = PBXBuildFile; fileRef = 3B460D5F14714D2200357114 /* QuartzCore.framework */; };
		3B460D6114714DD400357114 /* QuartzCore.framework in Frameworks */ = {isa = PBXBuildFile; fileRef = 3B460D5F14714D2200357114 /* QuartzCore.framework */; };
		3B460D6314714DE800357114 /* UIKit.framework in Frameworks */ = {isa = PBXBuildFile; fileRef = 3B460D6214714DE800357114 /* UIKit.framework */; };
		3B460D6414714DFB00357114 /* UIKit.framework in Frameworks */ = {isa = PBXBuildFile; fileRef = 3B460D6214714DE800357114 /* UIKit.framework */; };
		3B460D6814714F3300357114 /* libLDClient.a in Frameworks */ = {isa = PBXBuildFile; fileRef = 3BE2473C143C4A5F00ED2176 /* libLDClient.a */; };
		3B460D6A1471521000357114 /* CoreGraphics.framework in Frameworks */ = {isa = PBXBuildFile; fileRef = 3B460D691471521000357114 /* CoreGraphics.framework */; };
		3B460D7C14729E1100357114 /* LDPropertyTests.m in Sources */ = {isa = PBXBuildFile; fileRef = 3B460D7B14729E1100357114 /* LDPropertyTests.m */; };
		3B62F89C1463E4F800773D7C /* TypeAdapter.h in Headers */ = {isa = PBXBuildFile; fileRef = 3B62F89B1463E4F700773D7C /* TypeAdapter.h */; settings = {ATTRIBUTES = (Public, ); }; };
		3BB92957146BDDD400F8BC2B /* DefaultCommandHandler.h in Headers */ = {isa = PBXBuildFile; fileRef = 3BB92955146BDDD400F8BC2B /* DefaultCommandHandler.h */; settings = {ATTRIBUTES = (Public, ); }; };
		3BB92958146BDDD400F8BC2B /* DefaultCommandHandler.m in Sources */ = {isa = PBXBuildFile; fileRef = 3BB92956146BDDD400F8BC2B /* DefaultCommandHandler.m */; };
		3BB9295B146BF8DF00F8BC2B /* LDViewTreeManager.h in Headers */ = {isa = PBXBuildFile; fileRef = 3BB92959146BF8DF00F8BC2B /* LDViewTreeManager.h */; settings = {ATTRIBUTES = (Public, ); }; };
		3BB9295C146BF8DF00F8BC2B /* LDViewTreeManager.m in Sources */ = {isa = PBXBuildFile; fileRef = 3BB9295A146BF8DF00F8BC2B /* LDViewTreeManager.m */; };
		3BE24740143C4A5F00ED2176 /* Foundation.framework in Frameworks */ = {isa = PBXBuildFile; fileRef = 3BE2473F143C4A5F00ED2176 /* Foundation.framework */; };
		3BE24746143C4A5F00ED2176 /* LDClient.m in Sources */ = {isa = PBXBuildFile; fileRef = 3BE24745143C4A5F00ED2176 /* LDClient.m */; };
		3BE2474E143C4A5F00ED2176 /* SenTestingKit.framework in Frameworks */ = {isa = PBXBuildFile; fileRef = 3BE2474D143C4A5F00ED2176 /* SenTestingKit.framework */; };
		3BE24750143C4A5F00ED2176 /* UIKit.framework in Frameworks */ = {isa = PBXBuildFile; fileRef = 3BE2474F143C4A5F00ED2176 /* UIKit.framework */; };
		3BE24751143C4A5F00ED2176 /* Foundation.framework in Frameworks */ = {isa = PBXBuildFile; fileRef = 3BE2473F143C4A5F00ED2176 /* Foundation.framework */; };
		3BE2475A143C4A5F00ED2176 /* InfoPlist.strings in Resources */ = {isa = PBXBuildFile; fileRef = 3BE24758143C4A5F00ED2176 /* InfoPlist.strings */; };
		3BE2475D143C4A5F00ED2176 /* LDClientTests.m in Sources */ = {isa = PBXBuildFile; fileRef = 3BE2475C143C4A5F00ED2176 /* LDClientTests.m */; };
		3BE247B0143C4AFC00ED2176 /* LDView.h in Headers */ = {isa = PBXBuildFile; fileRef = 3BE24783143C4AFC00ED2176 /* LDView.h */; settings = {ATTRIBUTES = (Public, ); }; };
		3BE247B1143C4AFC00ED2176 /* LDView.m in Sources */ = {isa = PBXBuildFile; fileRef = 3BE24784143C4AFC00ED2176 /* LDView.m */; };
		3BE247F5143C516300ED2176 /* LDLayerProperty.h in Headers */ = {isa = PBXBuildFile; fileRef = 3BE247CA143C516300ED2176 /* LDLayerProperty.h */; settings = {ATTRIBUTES = (Public, ); }; };
		3BE247F6143C516300ED2176 /* LDLayerProperty.m in Sources */ = {isa = PBXBuildFile; fileRef = 3BE247CB143C516300ED2176 /* LDLayerProperty.m */; };
		3BE247F7143C516300ED2176 /* LDMessage.h in Headers */ = {isa = PBXBuildFile; fileRef = 3BE247CC143C516300ED2176 /* LDMessage.h */; settings = {ATTRIBUTES = (Public, ); }; };
		3BE247F8143C516300ED2176 /* LDMessage.m in Sources */ = {isa = PBXBuildFile; fileRef = 3BE247CD143C516300ED2176 /* LDMessage.m */; };
		3BE247F9143C516300ED2176 /* LDPropertyMap.h in Headers */ = {isa = PBXBuildFile; fileRef = 3BE247CE143C516300ED2176 /* LDPropertyMap.h */; settings = {ATTRIBUTES = (Public, ); }; };
		3BE247FA143C516300ED2176 /* LDPropertyMap.m in Sources */ = {isa = PBXBuildFile; fileRef = 3BE247CF143C516300ED2176 /* LDPropertyMap.m */; };
		3BE247FB143C516300ED2176 /* LDProperty.h in Headers */ = {isa = PBXBuildFile; fileRef = 3BE247D0143C516300ED2176 /* LDProperty.h */; settings = {ATTRIBUTES = (Public, ); }; };
		3BE247FC143C516300ED2176 /* LDProperty.m in Sources */ = {isa = PBXBuildFile; fileRef = 3BE247D1143C516300ED2176 /* LDProperty.m */; settings = {COMPILER_FLAGS = "-fno-objc-arc"; }; };
		3BE247FD143C516300ED2176 /* AppConfig.h in Headers */ = {isa = PBXBuildFile; fileRef = 3BE247D3143C516300ED2176 /* AppConfig.h */; settings = {ATTRIBUTES = (Public, ); }; };
		3BE247FE143C516300ED2176 /* AppConfig.m in Sources */ = {isa = PBXBuildFile; fileRef = 3BE247D4143C516300ED2176 /* AppConfig.m */; };
		3BE247FF143C516300ED2176 /* Connection.h in Headers */ = {isa = PBXBuildFile; fileRef = 3BE247D5143C516300ED2176 /* Connection.h */; settings = {ATTRIBUTES = (Public, ); }; };
		3BE24800143C516300ED2176 /* Connection.m in Sources */ = {isa = PBXBuildFile; fileRef = 3BE247D6143C516300ED2176 /* Connection.m */; };
		3BE24801143C516300ED2176 /* ConnectionDelegate.h in Headers */ = {isa = PBXBuildFile; fileRef = 3BE247D7143C516300ED2176 /* ConnectionDelegate.h */; settings = {ATTRIBUTES = (Public, ); }; };
		3BE24802143C516300ED2176 /* ClientConnection.h in Headers */ = {isa = PBXBuildFile; fileRef = 3BE247D8143C516300ED2176 /* ClientConnection.h */; settings = {ATTRIBUTES = (Public, ); }; };
		3BE24803143C516300ED2176 /* ClientConnection.m in Sources */ = {isa = PBXBuildFile; fileRef = 3BE247D9143C516300ED2176 /* ClientConnection.m */; };
		3BE24804143C516300ED2176 /* RemoteService.h in Headers */ = {isa = PBXBuildFile; fileRef = 3BE247DA143C516300ED2176 /* RemoteService.h */; settings = {ATTRIBUTES = (Public, ); }; };
		3BE24805143C516300ED2176 /* RemoteService.m in Sources */ = {isa = PBXBuildFile; fileRef = 3BE247DB143C516300ED2176 /* RemoteService.m */; };
		3BE24808143C516300ED2176 /* ServerBrowser.h in Headers */ = {isa = PBXBuildFile; fileRef = 3BE247DE143C516300ED2176 /* ServerBrowser.h */; settings = {ATTRIBUTES = (Public, ); }; };
		3BE24809143C516300ED2176 /* ServerBrowser.m in Sources */ = {isa = PBXBuildFile; fileRef = 3BE247DF143C516300ED2176 /* ServerBrowser.m */; };
		3BE2480A143C516300ED2176 /* ServerBrowserDelegate.h in Headers */ = {isa = PBXBuildFile; fileRef = 3BE247E0143C516300ED2176 /* ServerBrowserDelegate.h */; settings = {ATTRIBUTES = (Public, ); }; };
		3BE2480B143C516300ED2176 /* ServerDelegate.h in Headers */ = {isa = PBXBuildFile; fileRef = 3BE247E1143C516300ED2176 /* ServerDelegate.h */; settings = {ATTRIBUTES = (Public, ); }; };
		3BE2480C143C516300ED2176 /* LDMessageParam.h in Headers */ = {isa = PBXBuildFile; fileRef = 3BE247E3143C516300ED2176 /* LDMessageParam.h */; settings = {ATTRIBUTES = (Public, ); }; };
		3BE2480D143C516300ED2176 /* LDMessageParam.m in Sources */ = {isa = PBXBuildFile; fileRef = 3BE247E4143C516300ED2176 /* LDMessageParam.m */; };
		3BE2480E143C516300ED2176 /* CGRectAdapter.h in Headers */ = {isa = PBXBuildFile; fileRef = 3BE247E5143C516300ED2176 /* CGRectAdapter.h */; settings = {ATTRIBUTES = (Public, ); }; };
		3BE2480F143C516300ED2176 /* CGRectAdapter.m in Sources */ = {isa = PBXBuildFile; fileRef = 3BE247E6143C516300ED2176 /* CGRectAdapter.m */; };
		3BE24810143C516300ED2176 /* UIColorAdapter.h in Headers */ = {isa = PBXBuildFile; fileRef = 3BE247E7143C516300ED2176 /* UIColorAdapter.h */; settings = {ATTRIBUTES = (Public, ); }; };
		3BE24811143C516300ED2176 /* UIColorAdapter.m in Sources */ = {isa = PBXBuildFile; fileRef = 3BE247E8143C516300ED2176 /* UIColorAdapter.m */; };
		3BE24812143C516300ED2176 /* EnumAdapter.h in Headers */ = {isa = PBXBuildFile; fileRef = 3BE247E9143C516300ED2176 /* EnumAdapter.h */; settings = {ATTRIBUTES = (Public, ); }; };
		3BE24813143C516300ED2176 /* EnumAdapter.m in Sources */ = {isa = PBXBuildFile; fileRef = 3BE247EA143C516300ED2176 /* EnumAdapter.m */; };
		3BE24814143C516300ED2176 /* FloatAdapter.h in Headers */ = {isa = PBXBuildFile; fileRef = 3BE247EB143C516300ED2176 /* FloatAdapter.h */; settings = {ATTRIBUTES = (Public, ); }; };
		3BE24815143C516300ED2176 /* FloatAdapter.m in Sources */ = {isa = PBXBuildFile; fileRef = 3BE247EC143C516300ED2176 /* FloatAdapter.m */; };
		3BE24816143C516300ED2176 /* UIImageAdapter.h in Headers */ = {isa = PBXBuildFile; fileRef = 3BE247ED143C516300ED2176 /* UIImageAdapter.h */; settings = {ATTRIBUTES = (Public, ); }; };
		3BE24817143C516300ED2176 /* UIImageAdapter.m in Sources */ = {isa = PBXBuildFile; fileRef = 3BE247EE143C516300ED2176 /* UIImageAdapter.m */; };
		3BE24818143C516300ED2176 /* IntegerAdapter.h in Headers */ = {isa = PBXBuildFile; fileRef = 3BE247EF143C516300ED2176 /* IntegerAdapter.h */; settings = {ATTRIBUTES = (Public, ); }; };
		3BE24819143C516300ED2176 /* IntegerAdapter.m in Sources */ = {isa = PBXBuildFile; fileRef = 3BE247F0143C516300ED2176 /* IntegerAdapter.m */; };
		3BE2481A143C516300ED2176 /* NSStringAdapter.h in Headers */ = {isa = PBXBuildFile; fileRef = 3BE247F1143C516300ED2176 /* NSStringAdapter.h */; settings = {ATTRIBUTES = (Public, ); }; };
		3BE2481B143C516300ED2176 /* NSStringAdapter.m in Sources */ = {isa = PBXBuildFile; fileRef = 3BE247F2143C516300ED2176 /* NSStringAdapter.m */; };
/* End PBXBuildFile section */

/* Begin PBXContainerItemProxy section */
		3B460D6614714F2A00357114 /* PBXContainerItemProxy */ = {
			isa = PBXContainerItemProxy;
			containerPortal = 3BE24733143C4A5F00ED2176 /* Project object */;
			proxyType = 1;
			remoteGlobalIDString = 3BE2473B143C4A5F00ED2176;
			remoteInfo = LDClient;
		};
/* End PBXContainerItemProxy section */

/* Begin PBXFileReference section */
		3B0EB3F91471250000E913C5 /* LDCommandMap.h */ = {isa = PBXFileReference; fileEncoding = 4; lastKnownFileType = sourcecode.c.h; path = LDCommandMap.h; sourceTree = "<group>"; };
		3B0EB3FA1471250000E913C5 /* LDCommandMap.m */ = {isa = PBXFileReference; fileEncoding = 4; lastKnownFileType = sourcecode.c.objc; path = LDCommandMap.m; sourceTree = "<group>"; };
		3B0EB3FB1471250000E913C5 /* LDConstants.h */ = {isa = PBXFileReference; fileEncoding = 4; lastKnownFileType = sourcecode.c.h; path = LDConstants.h; sourceTree = "<group>"; };
		3B0EB3FC1471250000E913C5 /* LDConstants.m */ = {isa = PBXFileReference; fileEncoding = 4; lastKnownFileType = sourcecode.c.objc; path = LDConstants.m; sourceTree = "<group>"; };
		3B0EB3FD1471250000E913C5 /* TreeNode.h */ = {isa = PBXFileReference; fileEncoding = 4; lastKnownFileType = sourcecode.c.h; path = TreeNode.h; sourceTree = "<group>"; };
		3B0EB3FE1471250000E913C5 /* TreeUtil.h */ = {isa = PBXFileReference; fileEncoding = 4; lastKnownFileType = sourcecode.c.h; path = TreeUtil.h; sourceTree = "<group>"; };
		3B0EB3FF1471250000E913C5 /* TreeUtil.m */ = {isa = PBXFileReference; fileEncoding = 4; lastKnownFileType = sourcecode.c.objc; path = TreeUtil.m; sourceTree = "<group>"; };
		3B39A6121462CA30009B7A7E /* LDEnumMap.h */ = {isa = PBXFileReference; fileEncoding = 4; lastKnownFileType = sourcecode.c.h; name = LDEnumMap.h; path = messages/LDEnumMap.h; sourceTree = "<group>"; };
		3B39A6131462CA30009B7A7E /* LDEnumMap.m */ = {isa = PBXFileReference; fileEncoding = 4; lastKnownFileType = sourcecode.c.objc; name = LDEnumMap.m; path = messages/LDEnumMap.m; sourceTree = "<group>"; };
		3B460D5F14714D2200357114 /* QuartzCore.framework */ = {isa = PBXFileReference; lastKnownFileType = wrapper.framework; name = QuartzCore.framework; path = System/Library/Frameworks/QuartzCore.framework; sourceTree = SDKROOT; };
		3B460D6214714DE800357114 /* UIKit.framework */ = {isa = PBXFileReference; lastKnownFileType = wrapper.framework; name = UIKit.framework; path = System/Library/Frameworks/UIKit.framework; sourceTree = SDKROOT; };
		3B460D691471521000357114 /* CoreGraphics.framework */ = {isa = PBXFileReference; lastKnownFileType = wrapper.framework; name = CoreGraphics.framework; path = System/Library/Frameworks/CoreGraphics.framework; sourceTree = SDKROOT; };
		3B460D7A14729E1100357114 /* LDPropertyTests.h */ = {isa = PBXFileReference; fileEncoding = 4; lastKnownFileType = sourcecode.c.h; path = LDPropertyTests.h; sourceTree = "<group>"; };
		3B460D7B14729E1100357114 /* LDPropertyTests.m */ = {isa = PBXFileReference; fileEncoding = 4; lastKnownFileType = sourcecode.c.objc; path = LDPropertyTests.m; sourceTree = "<group>"; };
		3B62F89B1463E4F700773D7C /* TypeAdapter.h */ = {isa = PBXFileReference; fileEncoding = 4; lastKnownFileType = sourcecode.c.h; path = TypeAdapter.h; sourceTree = "<group>"; };
		3BB92955146BDDD400F8BC2B /* DefaultCommandHandler.h */ = {isa = PBXFileReference; fileEncoding = 4; lastKnownFileType = sourcecode.c.h; path = DefaultCommandHandler.h; sourceTree = "<group>"; };
		3BB92956146BDDD400F8BC2B /* DefaultCommandHandler.m */ = {isa = PBXFileReference; fileEncoding = 4; lastKnownFileType = sourcecode.c.objc; path = DefaultCommandHandler.m; sourceTree = "<group>"; };
		3BB92959146BF8DF00F8BC2B /* LDViewTreeManager.h */ = {isa = PBXFileReference; fileEncoding = 4; lastKnownFileType = sourcecode.c.h; name = LDViewTreeManager.h; path = messages/LDViewTreeManager.h; sourceTree = "<group>"; };
		3BB9295A146BF8DF00F8BC2B /* LDViewTreeManager.m */ = {isa = PBXFileReference; fileEncoding = 4; lastKnownFileType = sourcecode.c.objc; name = LDViewTreeManager.m; path = messages/LDViewTreeManager.m; sourceTree = "<group>"; };
		3BE2473C143C4A5F00ED2176 /* libLDClient.a */ = {isa = PBXFileReference; explicitFileType = archive.ar; includeInIndex = 0; path = libLDClient.a; sourceTree = BUILT_PRODUCTS_DIR; };
		3BE2473F143C4A5F00ED2176 /* Foundation.framework */ = {isa = PBXFileReference; lastKnownFileType = wrapper.framework; name = Foundation.framework; path = System/Library/Frameworks/Foundation.framework; sourceTree = SDKROOT; };
		3BE24743143C4A5F00ED2176 /* LDClient-Prefix.pch */ = {isa = PBXFileReference; lastKnownFileType = sourcecode.c.h; path = "LDClient-Prefix.pch"; sourceTree = "<group>"; };
		3BE24744143C4A5F00ED2176 /* LDClient.h */ = {isa = PBXFileReference; lastKnownFileType = sourcecode.c.h; path = LDClient.h; sourceTree = "<group>"; };
		3BE24745143C4A5F00ED2176 /* LDClient.m */ = {isa = PBXFileReference; lastKnownFileType = sourcecode.c.objc; path = LDClient.m; sourceTree = "<group>"; };
		3BE2474C143C4A5F00ED2176 /* LDClientTests.octest */ = {isa = PBXFileReference; explicitFileType = wrapper.cfbundle; includeInIndex = 0; path = LDClientTests.octest; sourceTree = BUILT_PRODUCTS_DIR; };
		3BE2474D143C4A5F00ED2176 /* SenTestingKit.framework */ = {isa = PBXFileReference; lastKnownFileType = wrapper.framework; name = SenTestingKit.framework; path = Library/Frameworks/SenTestingKit.framework; sourceTree = DEVELOPER_DIR; };
		3BE2474F143C4A5F00ED2176 /* UIKit.framework */ = {isa = PBXFileReference; lastKnownFileType = wrapper.framework; name = UIKit.framework; path = Library/Frameworks/UIKit.framework; sourceTree = DEVELOPER_DIR; };
		3BE24757143C4A5F00ED2176 /* LDClientTests-Info.plist */ = {isa = PBXFileReference; lastKnownFileType = text.plist.xml; path = "LDClientTests-Info.plist"; sourceTree = "<group>"; };
		3BE24759143C4A5F00ED2176 /* en */ = {isa = PBXFileReference; lastKnownFileType = text.plist.strings; name = en; path = en.lproj/InfoPlist.strings; sourceTree = "<group>"; };
		3BE2475B143C4A5F00ED2176 /* LDClientTests.h */ = {isa = PBXFileReference; lastKnownFileType = sourcecode.c.h; path = LDClientTests.h; sourceTree = "<group>"; };
		3BE2475C143C4A5F00ED2176 /* LDClientTests.m */ = {isa = PBXFileReference; lastKnownFileType = sourcecode.c.objc; path = LDClientTests.m; sourceTree = "<group>"; };
		3BE24783143C4AFC00ED2176 /* LDView.h */ = {isa = PBXFileReference; fileEncoding = 4; lastKnownFileType = sourcecode.c.h; name = LDView.h; path = ../LDView.h; sourceTree = "<group>"; };
		3BE24784143C4AFC00ED2176 /* LDView.m */ = {isa = PBXFileReference; fileEncoding = 4; lastKnownFileType = sourcecode.c.objc; name = LDView.m; path = ../LDView.m; sourceTree = "<group>"; };
		3BE247CA143C516300ED2176 /* LDLayerProperty.h */ = {isa = PBXFileReference; fileEncoding = 4; lastKnownFileType = sourcecode.c.h; path = LDLayerProperty.h; sourceTree = "<group>"; };
		3BE247CB143C516300ED2176 /* LDLayerProperty.m */ = {isa = PBXFileReference; fileEncoding = 4; lastKnownFileType = sourcecode.c.objc; path = LDLayerProperty.m; sourceTree = "<group>"; };
		3BE247CC143C516300ED2176 /* LDMessage.h */ = {isa = PBXFileReference; fileEncoding = 4; lastKnownFileType = sourcecode.c.h; path = LDMessage.h; sourceTree = "<group>"; };
		3BE247CD143C516300ED2176 /* LDMessage.m */ = {isa = PBXFileReference; fileEncoding = 4; lastKnownFileType = sourcecode.c.objc; path = LDMessage.m; sourceTree = "<group>"; };
		3BE247CE143C516300ED2176 /* LDPropertyMap.h */ = {isa = PBXFileReference; fileEncoding = 4; lastKnownFileType = sourcecode.c.h; name = LDPropertyMap.h; path = messages/LDPropertyMap.h; sourceTree = "<group>"; };
		3BE247CF143C516300ED2176 /* LDPropertyMap.m */ = {isa = PBXFileReference; fileEncoding = 4; lastKnownFileType = sourcecode.c.objc; name = LDPropertyMap.m; path = messages/LDPropertyMap.m; sourceTree = "<group>"; };
		3BE247D0143C516300ED2176 /* LDProperty.h */ = {isa = PBXFileReference; fileEncoding = 4; lastKnownFileType = sourcecode.c.h; path = LDProperty.h; sourceTree = "<group>"; };
		3BE247D1143C516300ED2176 /* LDProperty.m */ = {isa = PBXFileReference; fileEncoding = 4; lastKnownFileType = sourcecode.c.objc; path = LDProperty.m; sourceTree = "<group>"; };
		3BE247D3143C516300ED2176 /* AppConfig.h */ = {isa = PBXFileReference; fileEncoding = 4; lastKnownFileType = sourcecode.c.h; path = AppConfig.h; sourceTree = "<group>"; };
		3BE247D4143C516300ED2176 /* AppConfig.m */ = {isa = PBXFileReference; fileEncoding = 4; lastKnownFileType = sourcecode.c.objc; path = AppConfig.m; sourceTree = "<group>"; };
		3BE247D5143C516300ED2176 /* Connection.h */ = {isa = PBXFileReference; fileEncoding = 4; lastKnownFileType = sourcecode.c.h; path = Connection.h; sourceTree = "<group>"; };
		3BE247D6143C516300ED2176 /* Connection.m */ = {isa = PBXFileReference; fileEncoding = 4; lastKnownFileType = sourcecode.c.objc; path = Connection.m; sourceTree = "<group>"; };
		3BE247D7143C516300ED2176 /* ConnectionDelegate.h */ = {isa = PBXFileReference; fileEncoding = 4; lastKnownFileType = sourcecode.c.h; path = ConnectionDelegate.h; sourceTree = "<group>"; };
		3BE247D8143C516300ED2176 /* ClientConnection.h */ = {isa = PBXFileReference; fileEncoding = 4; lastKnownFileType = sourcecode.c.h; path = ClientConnection.h; sourceTree = "<group>"; };
		3BE247D9143C516300ED2176 /* ClientConnection.m */ = {isa = PBXFileReference; fileEncoding = 4; lastKnownFileType = sourcecode.c.objc; path = ClientConnection.m; sourceTree = "<group>"; };
		3BE247DA143C516300ED2176 /* RemoteService.h */ = {isa = PBXFileReference; fileEncoding = 4; lastKnownFileType = sourcecode.c.h; path = RemoteService.h; sourceTree = "<group>"; };
		3BE247DB143C516300ED2176 /* RemoteService.m */ = {isa = PBXFileReference; fileEncoding = 4; lastKnownFileType = sourcecode.c.objc; path = RemoteService.m; sourceTree = "<group>"; };
		3BE247DE143C516300ED2176 /* ServerBrowser.h */ = {isa = PBXFileReference; fileEncoding = 4; lastKnownFileType = sourcecode.c.h; path = ServerBrowser.h; sourceTree = "<group>"; };
		3BE247DF143C516300ED2176 /* ServerBrowser.m */ = {isa = PBXFileReference; fileEncoding = 4; lastKnownFileType = sourcecode.c.objc; path = ServerBrowser.m; sourceTree = "<group>"; };
		3BE247E0143C516300ED2176 /* ServerBrowserDelegate.h */ = {isa = PBXFileReference; fileEncoding = 4; lastKnownFileType = sourcecode.c.h; path = ServerBrowserDelegate.h; sourceTree = "<group>"; };
		3BE247E1143C516300ED2176 /* ServerDelegate.h */ = {isa = PBXFileReference; fileEncoding = 4; lastKnownFileType = sourcecode.c.h; path = ServerDelegate.h; sourceTree = "<group>"; };
		3BE247E3143C516300ED2176 /* LDMessageParam.h */ = {isa = PBXFileReference; fileEncoding = 4; lastKnownFileType = sourcecode.c.h; name = LDMessageParam.h; path = ../supportedParams/LDMessageParam.h; sourceTree = "<group>"; };
		3BE247E4143C516300ED2176 /* LDMessageParam.m */ = {isa = PBXFileReference; fileEncoding = 4; lastKnownFileType = sourcecode.c.objc; name = LDMessageParam.m; path = ../supportedParams/LDMessageParam.m; sourceTree = "<group>"; };
		3BE247E5143C516300ED2176 /* CGRectAdapter.h */ = {isa = PBXFileReference; fileEncoding = 4; lastKnownFileType = sourcecode.c.h; path = CGRectAdapter.h; sourceTree = "<group>"; };
		3BE247E6143C516300ED2176 /* CGRectAdapter.m */ = {isa = PBXFileReference; fileEncoding = 4; lastKnownFileType = sourcecode.c.objc; path = CGRectAdapter.m; sourceTree = "<group>"; };
		3BE247E7143C516300ED2176 /* UIColorAdapter.h */ = {isa = PBXFileReference; fileEncoding = 4; lastKnownFileType = sourcecode.c.h; path = UIColorAdapter.h; sourceTree = "<group>"; };
		3BE247E8143C516300ED2176 /* UIColorAdapter.m */ = {isa = PBXFileReference; fileEncoding = 4; lastKnownFileType = sourcecode.c.objc; path = UIColorAdapter.m; sourceTree = "<group>"; };
		3BE247E9143C516300ED2176 /* EnumAdapter.h */ = {isa = PBXFileReference; fileEncoding = 4; lastKnownFileType = sourcecode.c.h; path = EnumAdapter.h; sourceTree = "<group>"; };
		3BE247EA143C516300ED2176 /* EnumAdapter.m */ = {isa = PBXFileReference; fileEncoding = 4; lastKnownFileType = sourcecode.c.objc; path = EnumAdapter.m; sourceTree = "<group>"; };
		3BE247EB143C516300ED2176 /* FloatAdapter.h */ = {isa = PBXFileReference; fileEncoding = 4; lastKnownFileType = sourcecode.c.h; path = FloatAdapter.h; sourceTree = "<group>"; };
		3BE247EC143C516300ED2176 /* FloatAdapter.m */ = {isa = PBXFileReference; fileEncoding = 4; lastKnownFileType = sourcecode.c.objc; path = FloatAdapter.m; sourceTree = "<group>"; };
		3BE247ED143C516300ED2176 /* UIImageAdapter.h */ = {isa = PBXFileReference; fileEncoding = 4; lastKnownFileType = sourcecode.c.h; path = UIImageAdapter.h; sourceTree = "<group>"; };
		3BE247EE143C516300ED2176 /* UIImageAdapter.m */ = {isa = PBXFileReference; fileEncoding = 4; lastKnownFileType = sourcecode.c.objc; path = UIImageAdapter.m; sourceTree = "<group>"; };
		3BE247EF143C516300ED2176 /* IntegerAdapter.h */ = {isa = PBXFileReference; fileEncoding = 4; lastKnownFileType = sourcecode.c.h; path = IntegerAdapter.h; sourceTree = "<group>"; };
		3BE247F0143C516300ED2176 /* IntegerAdapter.m */ = {isa = PBXFileReference; fileEncoding = 4; lastKnownFileType = sourcecode.c.objc; path = IntegerAdapter.m; sourceTree = "<group>"; };
		3BE247F1143C516300ED2176 /* NSStringAdapter.h */ = {isa = PBXFileReference; fileEncoding = 4; lastKnownFileType = sourcecode.c.h; path = NSStringAdapter.h; sourceTree = "<group>"; };
		3BE247F2143C516300ED2176 /* NSStringAdapter.m */ = {isa = PBXFileReference; fileEncoding = 4; lastKnownFileType = sourcecode.c.objc; path = NSStringAdapter.m; sourceTree = "<group>"; };
/* End PBXFileReference section */

/* Begin PBXFrameworksBuildPhase section */
		3BE24739143C4A5F00ED2176 /* Frameworks */ = {
			isa = PBXFrameworksBuildPhase;
			buildActionMask = 2147483647;
			files = (
				3B460D6A1471521000357114 /* CoreGraphics.framework in Frameworks */,
				3B460D6314714DE800357114 /* UIKit.framework in Frameworks */,
				3B460D6114714DD400357114 /* QuartzCore.framework in Frameworks */,
				3BE24740143C4A5F00ED2176 /* Foundation.framework in Frameworks */,
			);
			runOnlyForDeploymentPostprocessing = 0;
		};
		3BE24748143C4A5F00ED2176 /* Frameworks */ = {
			isa = PBXFrameworksBuildPhase;
			buildActionMask = 2147483647;
			files = (
				3B460D6814714F3300357114 /* libLDClient.a in Frameworks */,
				3B460D6414714DFB00357114 /* UIKit.framework in Frameworks */,
				3B460D6014714D2200357114 /* QuartzCore.framework in Frameworks */,
				3BE2474E143C4A5F00ED2176 /* SenTestingKit.framework in Frameworks */,
				3BE24750143C4A5F00ED2176 /* UIKit.framework in Frameworks */,
				3BE24751143C4A5F00ED2176 /* Foundation.framework in Frameworks */,
			);
			runOnlyForDeploymentPostprocessing = 0;
		};
/* End PBXFrameworksBuildPhase section */

/* Begin PBXGroup section */
		3B0EB407147125D600E913C5 /* protocol */ = {
			isa = PBXGroup;
			children = (
				3B62F89B1463E4F700773D7C /* TypeAdapter.h */,
			);
			name = protocol;
			sourceTree = "<group>";
		};
		3B0EB408147125E900E913C5 /* adapters */ = {
			isa = PBXGroup;
			children = (
				3BE247E5143C516300ED2176 /* CGRectAdapter.h */,
				3BE247E6143C516300ED2176 /* CGRectAdapter.m */,
				3BE247E7143C516300ED2176 /* UIColorAdapter.h */,
				3BE247E8143C516300ED2176 /* UIColorAdapter.m */,
				3BE247E9143C516300ED2176 /* EnumAdapter.h */,
				3BE247EA143C516300ED2176 /* EnumAdapter.m */,
				3BE247EB143C516300ED2176 /* FloatAdapter.h */,
				3BE247EC143C516300ED2176 /* FloatAdapter.m */,
				3BE247ED143C516300ED2176 /* UIImageAdapter.h */,
				3BE247EE143C516300ED2176 /* UIImageAdapter.m */,
				3BE247EF143C516300ED2176 /* IntegerAdapter.h */,
				3BE247F0143C516300ED2176 /* IntegerAdapter.m */,
				3BE247F1143C516300ED2176 /* NSStringAdapter.h */,
				3BE247F2143C516300ED2176 /* NSStringAdapter.m */,
			);
			name = adapters;
			sourceTree = "<group>";
		};
		3B0EB4091471264900E913C5 /* mappers */ = {
			isa = PBXGroup;
			children = (
				3B39A6121462CA30009B7A7E /* LDEnumMap.h */,
				3B39A6131462CA30009B7A7E /* LDEnumMap.m */,
				3BE247CE143C516300ED2176 /* LDPropertyMap.h */,
				3BE247CF143C516300ED2176 /* LDPropertyMap.m */,
			);
			name = mappers;
			sourceTree = "<group>";
		};
		3B18586C146D579A007C10E2 /* common */ = {
			isa = PBXGroup;
			children = (
				3B0EB3F91471250000E913C5 /* LDCommandMap.h */,
				3B0EB3FA1471250000E913C5 /* LDCommandMap.m */,
				3B0EB3FB1471250000E913C5 /* LDConstants.h */,
				3B0EB3FC1471250000E913C5 /* LDConstants.m */,
				3B0EB3FD1471250000E913C5 /* TreeNode.h */,
				3B0EB3FE1471250000E913C5 /* TreeUtil.h */,
				3B0EB3FF1471250000E913C5 /* TreeUtil.m */,
			);
			name = common;
			sourceTree = "<group>";
		};
		3BE24731143C4A5F00ED2176 = {
			isa = PBXGroup;
			children = (
				3B460D691471521000357114 /* CoreGraphics.framework */,
				3B460D6214714DE800357114 /* UIKit.framework */,
				3B460D5F14714D2200357114 /* QuartzCore.framework */,
				3BE24741143C4A5F00ED2176 /* LDClient */,
				3BE24755143C4A5F00ED2176 /* LDClientTests */,
				3BE2473E143C4A5F00ED2176 /* Frameworks */,
				3BE2473D143C4A5F00ED2176 /* Products */,
			);
			sourceTree = "<group>";
		};
		3BE2473D143C4A5F00ED2176 /* Products */ = {
			isa = PBXGroup;
			children = (
				3BE2473C143C4A5F00ED2176 /* libLDClient.a */,
				3BE2474C143C4A5F00ED2176 /* LDClientTests.octest */,
			);
			name = Products;
			sourceTree = "<group>";
		};
		3BE2473E143C4A5F00ED2176 /* Frameworks */ = {
			isa = PBXGroup;
			children = (
				3BE2473F143C4A5F00ED2176 /* Foundation.framework */,
				3BE2474D143C4A5F00ED2176 /* SenTestingKit.framework */,
				3BE2474F143C4A5F00ED2176 /* UIKit.framework */,
			);
			name = Frameworks;
			sourceTree = "<group>";
		};
		3BE24741143C4A5F00ED2176 /* LDClient */ = {
			isa = PBXGroup;
			children = (
				3BE24744143C4A5F00ED2176 /* LDClient.h */,
				3BE24745143C4A5F00ED2176 /* LDClient.m */,
				3BB92955146BDDD400F8BC2B /* DefaultCommandHandler.h */,
				3BB92956146BDDD400F8BC2B /* DefaultCommandHandler.m */,
				3BB92959146BF8DF00F8BC2B /* LDViewTreeManager.h */,
				3BB9295A146BF8DF00F8BC2B /* LDViewTreeManager.m */,
				3B18586C146D579A007C10E2 /* common */,
				3B0EB4091471264900E913C5 /* mappers */,
				3BE247C7143C516300ED2176 /* messaging */,
				3BE247D2143C516300ED2176 /* network */,
				3BE247E2143C516300ED2176 /* supportedTypes */,
				3BE24742143C4A5F00ED2176 /* Supporting Files */,
			);
			path = LDClient;
			sourceTree = "<group>";
		};
		3BE24742143C4A5F00ED2176 /* Supporting Files */ = {
			isa = PBXGroup;
			children = (
				3BE24743143C4A5F00ED2176 /* LDClient-Prefix.pch */,
			);
			name = "Supporting Files";
			sourceTree = "<group>";
		};
		3BE24755143C4A5F00ED2176 /* LDClientTests */ = {
			isa = PBXGroup;
			children = (
				3B460D7A14729E1100357114 /* LDPropertyTests.h */,
				3B460D7B14729E1100357114 /* LDPropertyTests.m */,
				3BE2475B143C4A5F00ED2176 /* LDClientTests.h */,
				3BE2475C143C4A5F00ED2176 /* LDClientTests.m */,
				3BE24756143C4A5F00ED2176 /* Supporting Files */,
			);
			path = LDClientTests;
			sourceTree = "<group>";
		};
		3BE24756143C4A5F00ED2176 /* Supporting Files */ = {
			isa = PBXGroup;
			children = (
				3BE24757143C4A5F00ED2176 /* LDClientTests-Info.plist */,
				3BE24758143C4A5F00ED2176 /* InfoPlist.strings */,
			);
			name = "Supporting Files";
			sourceTree = "<group>";
		};
		3BE247C7143C516300ED2176 /* messaging */ = {
			isa = PBXGroup;
			children = (
				3BE247E3143C516300ED2176 /* LDMessageParam.h */,
				3BE247E4143C516300ED2176 /* LDMessageParam.m */,
				3BE247D0143C516300ED2176 /* LDProperty.h */,
				3BE247D1143C516300ED2176 /* LDProperty.m */,
				3BE247CA143C516300ED2176 /* LDLayerProperty.h */,
				3BE247CB143C516300ED2176 /* LDLayerProperty.m */,
				3BE247CC143C516300ED2176 /* LDMessage.h */,
				3BE247CD143C516300ED2176 /* LDMessage.m */,
			);
			name = messaging;
			path = messages;
			sourceTree = "<group>";
		};
		3BE247D2143C516300ED2176 /* network */ = {
			isa = PBXGroup;
			children = (
				3BE247D3143C516300ED2176 /* AppConfig.h */,
				3BE247D4143C516300ED2176 /* AppConfig.m */,
				3BE247D5143C516300ED2176 /* Connection.h */,
				3BE247D6143C516300ED2176 /* Connection.m */,
				3BE247D7143C516300ED2176 /* ConnectionDelegate.h */,
				3BE247D8143C516300ED2176 /* ClientConnection.h */,
				3BE247D9143C516300ED2176 /* ClientConnection.m */,
				3BE247DA143C516300ED2176 /* RemoteService.h */,
				3BE247DB143C516300ED2176 /* RemoteService.m */,
				3BE247DE143C516300ED2176 /* ServerBrowser.h */,
				3BE247DF143C516300ED2176 /* ServerBrowser.m */,
				3BE247E0143C516300ED2176 /* ServerBrowserDelegate.h */,
				3BE247E1143C516300ED2176 /* ServerDelegate.h */,
			);
			path = network;
			sourceTree = "<group>";
		};
		3BE247E2143C516300ED2176 /* supportedTypes */ = {
			isa = PBXGroup;
			children = (
				3BE24783143C4AFC00ED2176 /* LDView.h */,
				3BE24784143C4AFC00ED2176 /* LDView.m */,
				3B0EB408147125E900E913C5 /* adapters */,
				3B0EB407147125D600E913C5 /* protocol */,
			);
			name = supportedTypes;
			path = supportedParams;
			sourceTree = "<group>";
		};
/* End PBXGroup section */

/* Begin PBXHeadersBuildPhase section */
		3BE2473A143C4A5F00ED2176 /* Headers */ = {
			isa = PBXHeadersBuildPhase;
			buildActionMask = 2147483647;
			files = (
				3BE247B0143C4AFC00ED2176 /* LDView.h in Headers */,
				3BE247F5143C516300ED2176 /* LDLayerProperty.h in Headers */,
				3BE247F7143C516300ED2176 /* LDMessage.h in Headers */,
				3BE247F9143C516300ED2176 /* LDPropertyMap.h in Headers */,
				3BE247FB143C516300ED2176 /* LDProperty.h in Headers */,
				3BE247FD143C516300ED2176 /* AppConfig.h in Headers */,
				3BE247FF143C516300ED2176 /* Connection.h in Headers */,
				3BE24801143C516300ED2176 /* ConnectionDelegate.h in Headers */,
				3BE24802143C516300ED2176 /* ClientConnection.h in Headers */,
				3BE24804143C516300ED2176 /* RemoteService.h in Headers */,
				3BE24808143C516300ED2176 /* ServerBrowser.h in Headers */,
				3BE2480A143C516300ED2176 /* ServerBrowserDelegate.h in Headers */,
				3B39A6141462CA31009B7A7E /* LDEnumMap.h in Headers */,
				3B62F89C1463E4F800773D7C /* TypeAdapter.h in Headers */,
				3BB92957146BDDD400F8BC2B /* DefaultCommandHandler.h in Headers */,
				3BB9295B146BF8DF00F8BC2B /* LDViewTreeManager.h in Headers */,
				3BE2480B143C516300ED2176 /* ServerDelegate.h in Headers */,
				3BE2480C143C516300ED2176 /* LDMessageParam.h in Headers */,
				3BE2480E143C516300ED2176 /* CGRectAdapter.h in Headers */,
				3BE24810143C516300ED2176 /* UIColorAdapter.h in Headers */,
				3BE24812143C516300ED2176 /* EnumAdapter.h in Headers */,
				3BE24814143C516300ED2176 /* FloatAdapter.h in Headers */,
				3BE24816143C516300ED2176 /* UIImageAdapter.h in Headers */,
				3BE24818143C516300ED2176 /* IntegerAdapter.h in Headers */,
				3BE2481A143C516300ED2176 /* NSStringAdapter.h in Headers */,
				3B0EB4001471250000E913C5 /* LDCommandMap.h in Headers */,
				3B0EB4021471250000E913C5 /* LDConstants.h in Headers */,
				3B0EB4041471250000E913C5 /* TreeNode.h in Headers */,
				3B0EB4051471250000E913C5 /* TreeUtil.h in Headers */,
			);
			runOnlyForDeploymentPostprocessing = 0;
		};
/* End PBXHeadersBuildPhase section */

/* Begin PBXNativeTarget section */
		3BE2473B143C4A5F00ED2176 /* LDClient */ = {
			isa = PBXNativeTarget;
			buildConfigurationList = 3BE24760143C4A5F00ED2176 /* Build configuration list for PBXNativeTarget "LDClient" */;
			buildPhases = (
				3BE24738143C4A5F00ED2176 /* Sources */,
				3BE24739143C4A5F00ED2176 /* Frameworks */,
				3BE2473A143C4A5F00ED2176 /* Headers */,
			);
			buildRules = (
			);
			dependencies = (
			);
			name = LDClient;
			productName = LDClient;
			productReference = 3BE2473C143C4A5F00ED2176 /* libLDClient.a */;
			productType = "com.apple.product-type.library.static";
		};
		3BE2474B143C4A5F00ED2176 /* LDClientTests */ = {
			isa = PBXNativeTarget;
			buildConfigurationList = 3BE24763143C4A5F00ED2176 /* Build configuration list for PBXNativeTarget "LDClientTests" */;
			buildPhases = (
				3BE24747143C4A5F00ED2176 /* Sources */,
				3BE24748143C4A5F00ED2176 /* Frameworks */,
				3BE24749143C4A5F00ED2176 /* Resources */,
				3BE2474A143C4A5F00ED2176 /* ShellScript */,
			);
			buildRules = (
			);
			dependencies = (
				3B460D6714714F2A00357114 /* PBXTargetDependency */,
			);
			name = LDClientTests;
			productName = LDClientTests;
			productReference = 3BE2474C143C4A5F00ED2176 /* LDClientTests.octest */;
			productType = "com.apple.product-type.bundle";
		};
/* End PBXNativeTarget section */

/* Begin PBXProject section */
		3BE24733143C4A5F00ED2176 /* Project object */ = {
			isa = PBXProject;
			attributes = {
				LastUpgradeCheck = 0420;
			};
			buildConfigurationList = 3BE24736143C4A5F00ED2176 /* Build configuration list for PBXProject "LDClient" */;
			compatibilityVersion = "Xcode 3.2";
			developmentRegion = English;
			hasScannedForEncodings = 0;
			knownRegions = (
				en,
			);
			mainGroup = 3BE24731143C4A5F00ED2176;
			productRefGroup = 3BE2473D143C4A5F00ED2176 /* Products */;
			projectDirPath = "";
			projectRoot = "";
			targets = (
				3BE2473B143C4A5F00ED2176 /* LDClient */,
				3BE2474B143C4A5F00ED2176 /* LDClientTests */,
			);
		};
/* End PBXProject section */

/* Begin PBXResourcesBuildPhase section */
		3BE24749143C4A5F00ED2176 /* Resources */ = {
			isa = PBXResourcesBuildPhase;
			buildActionMask = 2147483647;
			files = (
				3BE2475A143C4A5F00ED2176 /* InfoPlist.strings in Resources */,
			);
			runOnlyForDeploymentPostprocessing = 0;
		};
/* End PBXResourcesBuildPhase section */

/* Begin PBXShellScriptBuildPhase section */
		3BE2474A143C4A5F00ED2176 /* ShellScript */ = {
			isa = PBXShellScriptBuildPhase;
			buildActionMask = 2147483647;
			files = (
			);
			inputPaths = (
			);
			outputPaths = (
			);
			runOnlyForDeploymentPostprocessing = 0;
			shellPath = /bin/sh;
			shellScript = "# Run the unit tests in this test bundle.\n\"${SYSTEM_DEVELOPER_DIR}/Tools/RunUnitTests\"\n";
		};
/* End PBXShellScriptBuildPhase section */

/* Begin PBXSourcesBuildPhase section */
		3BE24738143C4A5F00ED2176 /* Sources */ = {
			isa = PBXSourcesBuildPhase;
			buildActionMask = 2147483647;
			files = (
				3BE24746143C4A5F00ED2176 /* LDClient.m in Sources */,
				3BE247B1143C4AFC00ED2176 /* LDView.m in Sources */,
				3BE247F6143C516300ED2176 /* LDLayerProperty.m in Sources */,
				3BE247F8143C516300ED2176 /* LDMessage.m in Sources */,
				3BE247FA143C516300ED2176 /* LDPropertyMap.m in Sources */,
				3BE247FC143C516300ED2176 /* LDProperty.m in Sources */,
				3BE247FE143C516300ED2176 /* AppConfig.m in Sources */,
				3BE24800143C516300ED2176 /* Connection.m in Sources */,
				3BE24803143C516300ED2176 /* ClientConnection.m in Sources */,
				3BE24805143C516300ED2176 /* RemoteService.m in Sources */,
				3BE24809143C516300ED2176 /* ServerBrowser.m in Sources */,
				3BE2480D143C516300ED2176 /* LDMessageParam.m in Sources */,
				3BE2480F143C516300ED2176 /* CGRectAdapter.m in Sources */,
				3BE24811143C516300ED2176 /* UIColorAdapter.m in Sources */,
				3BE24813143C516300ED2176 /* EnumAdapter.m in Sources */,
				3BE24815143C516300ED2176 /* FloatAdapter.m in Sources */,
				3BE24817143C516300ED2176 /* UIImageAdapter.m in Sources */,
				3BE24819143C516300ED2176 /* IntegerAdapter.m in Sources */,
				3BE2481B143C516300ED2176 /* NSStringAdapter.m in Sources */,
				3B39A6151462CA31009B7A7E /* LDEnumMap.m in Sources */,
				3BB92958146BDDD400F8BC2B /* DefaultCommandHandler.m in Sources */,
				3BB9295C146BF8DF00F8BC2B /* LDViewTreeManager.m in Sources */,
				3B0EB4011471250000E913C5 /* LDCommandMap.m in Sources */,
				3B0EB4031471250000E913C5 /* LDConstants.m in Sources */,
				3B0EB4061471250000E913C5 /* TreeUtil.m in Sources */,
			);
			runOnlyForDeploymentPostprocessing = 0;
		};
		3BE24747143C4A5F00ED2176 /* Sources */ = {
			isa = PBXSourcesBuildPhase;
			buildActionMask = 2147483647;
			files = (
				3BE2475D143C4A5F00ED2176 /* LDClientTests.m in Sources */,
				3B460D7C14729E1100357114 /* LDPropertyTests.m in Sources */,
			);
			runOnlyForDeploymentPostprocessing = 0;
		};
/* End PBXSourcesBuildPhase section */

/* Begin PBXTargetDependency section */
		3B460D6714714F2A00357114 /* PBXTargetDependency */ = {
			isa = PBXTargetDependency;
			target = 3BE2473B143C4A5F00ED2176 /* LDClient */;
			targetProxy = 3B460D6614714F2A00357114 /* PBXContainerItemProxy */;
		};
/* End PBXTargetDependency section */

/* Begin PBXVariantGroup section */
		3BE24758143C4A5F00ED2176 /* InfoPlist.strings */ = {
			isa = PBXVariantGroup;
			children = (
				3BE24759143C4A5F00ED2176 /* en */,
			);
			name = InfoPlist.strings;
			sourceTree = "<group>";
		};
/* End PBXVariantGroup section */

/* Begin XCBuildConfiguration section */
		3BE2475E143C4A5F00ED2176 /* Debug */ = {
			isa = XCBuildConfiguration;
			buildSettings = {
				ALWAYS_SEARCH_USER_PATHS = YES;
				ARCHS = "$(ARCHS_STANDARD_32_BIT)";
				CLANG_ENABLE_OBJC_ARC = YES;
				COPY_PHASE_STRIP = NO;
				GCC_C_LANGUAGE_STANDARD = gnu99;
				GCC_DYNAMIC_NO_PIC = NO;
				GCC_OPTIMIZATION_LEVEL = 0;
				GCC_PREPROCESSOR_DEFINITIONS = (
					"DEBUG=1",
					"$(inherited)",
				);
				GCC_SYMBOLS_PRIVATE_EXTERN = NO;
				GCC_VERSION = com.apple.compilers.llvm.clang.1_0;
				GCC_WARN_ABOUT_MISSING_PROTOTYPES = YES;
				GCC_WARN_ABOUT_RETURN_TYPE = YES;
				GCC_WARN_UNUSED_VARIABLE = YES;
				HEADER_SEARCH_PATHS = "";
				IPHONEOS_DEPLOYMENT_TARGET = 5.0;
				SDKROOT = iphoneos;
				USER_HEADER_SEARCH_PATHS = "";
			};
			name = Debug;
		};
		3BE2475F143C4A5F00ED2176 /* Release */ = {
			isa = XCBuildConfiguration;
			buildSettings = {
				ALWAYS_SEARCH_USER_PATHS = YES;
				ARCHS = "$(ARCHS_STANDARD_32_BIT)";
				CLANG_ENABLE_OBJC_ARC = YES;
				COPY_PHASE_STRIP = YES;
				GCC_C_LANGUAGE_STANDARD = gnu99;
				GCC_VERSION = com.apple.compilers.llvm.clang.1_0;
				GCC_WARN_ABOUT_MISSING_PROTOTYPES = YES;
				GCC_WARN_ABOUT_RETURN_TYPE = YES;
				GCC_WARN_UNUSED_VARIABLE = YES;
				HEADER_SEARCH_PATHS = "";
				IPHONEOS_DEPLOYMENT_TARGET = 5.0;
				SDKROOT = iphoneos;
				USER_HEADER_SEARCH_PATHS = "";
				VALIDATE_PRODUCT = YES;
			};
			name = Release;
		};
		3BE24761143C4A5F00ED2176 /* Debug */ = {
			isa = XCBuildConfiguration;
			buildSettings = {
				ALWAYS_SEARCH_USER_PATHS = YES;
				DSTROOT = /tmp/LDClient.dst;
				GCC_PRECOMPILE_PREFIX_HEADER = YES;
				GCC_PREFIX_HEADER = "LDClient/LDClient-Prefix.pch";
				OTHER_LDFLAGS = "-ObjC";
				PRODUCT_NAME = "$(TARGET_NAME)";
				SCAN_ALL_SOURCE_FILES_FOR_INCLUDES = YES;
				SKIP_INSTALL = YES;
			};
			name = Debug;
		};
		3BE24762143C4A5F00ED2176 /* Release */ = {
			isa = XCBuildConfiguration;
			buildSettings = {
				ALWAYS_SEARCH_USER_PATHS = YES;
				DSTROOT = /tmp/LDClient.dst;
				GCC_PRECOMPILE_PREFIX_HEADER = YES;
				GCC_PREFIX_HEADER = "LDClient/LDClient-Prefix.pch";
				OTHER_LDFLAGS = "-ObjC";
				PRODUCT_NAME = "$(TARGET_NAME)";
				SCAN_ALL_SOURCE_FILES_FOR_INCLUDES = YES;
				SKIP_INSTALL = YES;
			};
			name = Release;
		};
		3BE24764143C4A5F00ED2176 /* Debug */ = {
			isa = XCBuildConfiguration;
			buildSettings = {
				BUNDLE_LOADER = "$(BUILT_PRODUCTS_DIR)/libLDClient.a";
				FRAMEWORK_SEARCH_PATHS = (
					"$(SDKROOT)/Developer/Library/Frameworks",
					"$(DEVELOPER_LIBRARY_DIR)/Frameworks",
				);
				GCC_PRECOMPILE_PREFIX_HEADER = YES;
				GCC_PREFIX_HEADER = "LDClient/LDClient-Prefix.pch";
				GCC_SYMBOLS_PRIVATE_EXTERN = NO;
				INFOPLIST_FILE = "LDClientTests/LDClientTests-Info.plist";
				PRODUCT_NAME = "$(TARGET_NAME)";
				TEST_HOST = "$(BUNDLE_LOADER)";
				WRAPPER_EXTENSION = octest;
			};
			name = Debug;
		};
		3BE24765143C4A5F00ED2176 /* Release */ = {
			isa = XCBuildConfiguration;
			buildSettings = {
				BUNDLE_LOADER = "$(BUILT_PRODUCTS_DIR)/libLDClient.a";
				FRAMEWORK_SEARCH_PATHS = (
					"$(SDKROOT)/Developer/Library/Frameworks",
					"$(DEVELOPER_LIBRARY_DIR)/Frameworks",
				);
				GCC_PRECOMPILE_PREFIX_HEADER = YES;
				GCC_PREFIX_HEADER = "LDClient/LDClient-Prefix.pch";
				GCC_SYMBOLS_PRIVATE_EXTERN = NO;
				INFOPLIST_FILE = "LDClientTests/LDClientTests-Info.plist";
				PRODUCT_NAME = "$(TARGET_NAME)";
				TEST_HOST = "$(BUNDLE_LOADER)";
				WRAPPER_EXTENSION = octest;
			};
			name = Release;
		};
/* End XCBuildConfiguration section */

/* Begin XCConfigurationList section */
		3BE24736143C4A5F00ED2176 /* Build configuration list for PBXProject "LDClient" */ = {
			isa = XCConfigurationList;
			buildConfigurations = (
				3BE2475E143C4A5F00ED2176 /* Debug */,
				3BE2475F143C4A5F00ED2176 /* Release */,
			);
			defaultConfigurationIsVisible = 0;
			defaultConfigurationName = Release;
		};
		3BE24760143C4A5F00ED2176 /* Build configuration list for PBXNativeTarget "LDClient" */ = {
			isa = XCConfigurationList;
			buildConfigurations = (
				3BE24761143C4A5F00ED2176 /* Debug */,
				3BE24762143C4A5F00ED2176 /* Release */,
			);
			defaultConfigurationIsVisible = 0;
			defaultConfigurationName = Release;
		};
		3BE24763143C4A5F00ED2176 /* Build configuration list for PBXNativeTarget "LDClientTests" */ = {
			isa = XCConfigurationList;
			buildConfigurations = (
				3BE24764143C4A5F00ED2176 /* Debug */,
				3BE24765143C4A5F00ED2176 /* Release */,
			);
			defaultConfigurationIsVisible = 0;
			defaultConfigurationName = Release;
		};
/* End XCConfigurationList section */
	};
	rootObject = 3BE24733143C4A5F00ED2176 /* Project object */;
}
