// !$*UTF8*$!
{
	archiveVersion = 1;
	classes = {
	};
	objectVersion = 46;
	objects = {

/* Begin PBXBuildFile section */
		3B2B99C2143C5CEA008889D1 /* MainViewController.m in Sources */ = {isa = PBXBuildFile; fileRef = 3B2B99C0143C5CEA008889D1 /* MainViewController.m */; };
		3B2B99C3143C5CEA008889D1 /* MainViewController.xib in Resources */ = {isa = PBXBuildFile; fileRef = 3B2B99C1143C5CEA008889D1 /* MainViewController.xib */; };
		3B39A602146274F1009B7A7E /* NSOutlineView+Additions.m in Sources */ = {isa = PBXBuildFile; fileRef = 3B39A601146274F1009B7A7E /* NSOutlineView+Additions.m */; };
		3B3B9FED146D310D0050585D /* DefaultCommandHandler.m in Sources */ = {isa = PBXBuildFile; fileRef = 3B3B9FEC146D310D0050585D /* DefaultCommandHandler.m */; };
		3B56406A144C525D00F1C427 /* Logger.m in Sources */ = {isa = PBXBuildFile; fileRef = 3B564069144C525D00F1C427 /* Logger.m */; };
		3B56406E144C5F7800F1C427 /* LogViewController.m in Sources */ = {isa = PBXBuildFile; fileRef = 3B56406C144C5F7800F1C427 /* LogViewController.m */; };
		3B56406F144C5F7800F1C427 /* LogViewController.xib in Resources */ = {isa = PBXBuildFile; fileRef = 3B56406D144C5F7800F1C427 /* LogViewController.xib */; };
		3B564072144C659E00F1C427 /* LogMessage.m in Sources */ = {isa = PBXBuildFile; fileRef = 3B564071144C659D00F1C427 /* LogMessage.m */; };
		3B62F8C714640B6300773D7C /* CGRectAdapter.m in Sources */ = {isa = PBXBuildFile; fileRef = 3B62F8B914640B6300773D7C /* CGRectAdapter.m */; };
		3B62F8C814640B6300773D7C /* EnumAdapter.m in Sources */ = {isa = PBXBuildFile; fileRef = 3B62F8BB14640B6300773D7C /* EnumAdapter.m */; };
		3B62F8C914640B6300773D7C /* FloatAdapter.m in Sources */ = {isa = PBXBuildFile; fileRef = 3B62F8BD14640B6300773D7C /* FloatAdapter.m */; };
		3B62F8CA14640B6300773D7C /* IntegerAdapter.m in Sources */ = {isa = PBXBuildFile; fileRef = 3B62F8BF14640B6300773D7C /* IntegerAdapter.m */; };
		3B62F8CB14640B6300773D7C /* NSStringAdapter.m in Sources */ = {isa = PBXBuildFile; fileRef = 3B62F8C114640B6300773D7C /* NSStringAdapter.m */; };
		3B62F8CC14640B6300773D7C /* UIColorAdapter.m in Sources */ = {isa = PBXBuildFile; fileRef = 3B62F8C414640B6300773D7C /* UIColorAdapter.m */; };
		3B62F8CD14640B6300773D7C /* UIImageAdapter.m in Sources */ = {isa = PBXBuildFile; fileRef = 3B62F8C614640B6300773D7C /* UIImageAdapter.m */; };
		3B62F8D41467B92D00773D7C /* InputViewMap.m in Sources */ = {isa = PBXBuildFile; fileRef = 3B62F8D31467B92D00773D7C /* InputViewMap.m */; };
		3B9E5DF8144E059D007526A0 /* RootViewController.m in Sources */ = {isa = PBXBuildFile; fileRef = 3B9E5DF6144E059D007526A0 /* RootViewController.m */; };
		3B9E5DF9144E059D007526A0 /* RootViewController.xib in Resources */ = {isa = PBXBuildFile; fileRef = 3B9E5DF7144E059D007526A0 /* RootViewController.xib */; };
		3BC4D5BB1473877E0098AA08 /* libLDCommonMac.a in Frameworks */ = {isa = PBXBuildFile; fileRef = 3BC4D5B6147387640098AA08 /* libLDCommonMac.a */; };
		3BE2482C143C54C000ED2176 /* Cocoa.framework in Frameworks */ = {isa = PBXBuildFile; fileRef = 3BE2482B143C54C000ED2176 /* Cocoa.framework */; };
		3BE24836143C54C000ED2176 /* InfoPlist.strings in Resources */ = {isa = PBXBuildFile; fileRef = 3BE24834143C54C000ED2176 /* InfoPlist.strings */; };
		3BE24838143C54C000ED2176 /* main.m in Sources */ = {isa = PBXBuildFile; fileRef = 3BE24837143C54C000ED2176 /* main.m */; };
		3BE2483C143C54C000ED2176 /* Credits.rtf in Resources */ = {isa = PBXBuildFile; fileRef = 3BE2483A143C54C000ED2176 /* Credits.rtf */; };
		3BE2483F143C54C000ED2176 /* LDAppDelegate.m in Sources */ = {isa = PBXBuildFile; fileRef = 3BE2483E143C54C000ED2176 /* LDAppDelegate.m */; };
		3BE24842143C54C100ED2176 /* MainMenu.xib in Resources */ = {isa = PBXBuildFile; fileRef = 3BE24840143C54C100ED2176 /* MainMenu.xib */; };
		3BE2484A143C54C100ED2176 /* SenTestingKit.framework in Frameworks */ = {isa = PBXBuildFile; fileRef = 3BE24849143C54C100ED2176 /* SenTestingKit.framework */; };
		3BE2484B143C54C100ED2176 /* Cocoa.framework in Frameworks */ = {isa = PBXBuildFile; fileRef = 3BE2482B143C54C000ED2176 /* Cocoa.framework */; };
		3BE24853143C54C100ED2176 /* InfoPlist.strings in Resources */ = {isa = PBXBuildFile; fileRef = 3BE24851143C54C100ED2176 /* InfoPlist.strings */; };
		3BE24856143C54C100ED2176 /* LDServerTests.m in Sources */ = {isa = PBXBuildFile; fileRef = 3BE24855143C54C100ED2176 /* LDServerTests.m */; };
		3BE248A5143C551600ED2176 /* LDCommand.m in Sources */ = {isa = PBXBuildFile; fileRef = 3BE24864143C551500ED2176 /* LDCommand.m */; };
		3BE248A6143C551600ED2176 /* LDLayerProperty.m in Sources */ = {isa = PBXBuildFile; fileRef = 3BE24866143C551500ED2176 /* LDLayerProperty.m */; };
		3BE248A7143C551600ED2176 /* LDMessageParam.m in Sources */ = {isa = PBXBuildFile; fileRef = 3BE24868143C551500ED2176 /* LDMessageParam.m */; };
		3BE248AF143C551600ED2176 /* LDView.m in Sources */ = {isa = PBXBuildFile; fileRef = 3BE24878143C551500ED2176 /* LDView.m */; };
		3BE248B0143C551600ED2176 /* LDMessage.m in Sources */ = {isa = PBXBuildFile; fileRef = 3BE2487A143C551500ED2176 /* LDMessage.m */; };
		3BE248B1143C551600ED2176 /* LDProperty.m in Sources */ = {isa = PBXBuildFile; fileRef = 3BE2487C143C551500ED2176 /* LDProperty.m */; };
		3BE248B2143C551600ED2176 /* CGRectControl.xib in Resources */ = {isa = PBXBuildFile; fileRef = 3BE2487E143C551500ED2176 /* CGRectControl.xib */; };
		3BE248B3143C551600ED2176 /* UIColorInput.xib in Resources */ = {isa = PBXBuildFile; fileRef = 3BE2487F143C551500ED2176 /* UIColorInput.xib */; };
		3BE248B4143C551600ED2176 /* UIColorInputView.m in Sources */ = {isa = PBXBuildFile; fileRef = 3BE24881143C551500ED2176 /* UIColorInputView.m */; };
		3BE248B6143C551600ED2176 /* EnumInput.xib in Resources */ = {isa = PBXBuildFile; fileRef = 3BE24884143C551500ED2176 /* EnumInput.xib */; };
		3BE248B7143C551600ED2176 /* EnumInputView.m in Sources */ = {isa = PBXBuildFile; fileRef = 3BE24886143C551500ED2176 /* EnumInputView.m */; };
		3BE248B8143C551600ED2176 /* FloatInputView.m in Sources */ = {isa = PBXBuildFile; fileRef = 3BE24888143C551500ED2176 /* FloatInputView.m */; };
		3BE248B9143C551600ED2176 /* FloatInput.xib in Resources */ = {isa = PBXBuildFile; fileRef = 3BE24889143C551500ED2176 /* FloatInput.xib */; };
		3BE248BA143C551600ED2176 /* CGRectInput.xib in Resources */ = {isa = PBXBuildFile; fileRef = 3BE2488A143C551500ED2176 /* CGRectInput.xib */; };
		3BE248BB143C551600ED2176 /* CGRectInputView.m in Sources */ = {isa = PBXBuildFile; fileRef = 3BE2488C143C551600ED2176 /* CGRectInputView.m */; };
		3BE248BC143C551600ED2176 /* UIImageInput.xib in Resources */ = {isa = PBXBuildFile; fileRef = 3BE2488D143C551600ED2176 /* UIImageInput.xib */; };
		3BE248BD143C551600ED2176 /* UIImageInputView.m in Sources */ = {isa = PBXBuildFile; fileRef = 3BE2488F143C551600ED2176 /* UIImageInputView.m */; };
		3BE248BE143C551600ED2176 /* NSStringInput.xib in Resources */ = {isa = PBXBuildFile; fileRef = 3BE24890143C551600ED2176 /* NSStringInput.xib */; };
		3BE248BF143C551600ED2176 /* NSStringInputView.m in Sources */ = {isa = PBXBuildFile; fileRef = 3BE24892143C551600ED2176 /* NSStringInputView.m */; };
		3BE248C0143C551600ED2176 /* AppConfig.m in Sources */ = {isa = PBXBuildFile; fileRef = 3BE24895143C551600ED2176 /* AppConfig.m */; };
		3BE248C1143C551600ED2176 /* Connection.m in Sources */ = {isa = PBXBuildFile; fileRef = 3BE24897143C551600ED2176 /* Connection.m */; };
		3BE248C2143C551600ED2176 /* LDHost.m in Sources */ = {isa = PBXBuildFile; fileRef = 3BE2489A143C551600ED2176 /* LDHost.m */; };
		3BE248C3143C551600ED2176 /* Server.m in Sources */ = {isa = PBXBuildFile; fileRef = 3BE2489C143C551600ED2176 /* Server.m */; };
		3BE248C4143C551600ED2176 /* ServerBrowser.m in Sources */ = {isa = PBXBuildFile; fileRef = 3BE2489E143C551600ED2176 /* ServerBrowser.m */; };
		3BE248C5143C551600ED2176 /* OutlineViewWithKeyDownHandling.m in Sources */ = {isa = PBXBuildFile; fileRef = 3BE248A2143C551600ED2176 /* OutlineViewWithKeyDownHandling.m */; };
/* End PBXBuildFile section */

/* Begin PBXContainerItemProxy section */
		3BC4D5B5147387640098AA08 /* PBXContainerItemProxy */ = {
			isa = PBXContainerItemProxy;
			containerPortal = 3BC4D5AD147387640098AA08 /* LDCommon.xcodeproj */;
			proxyType = 2;
			remoteGlobalIDString = 3BC28EA21472DB65002EF7F4;
			remoteInfo = LDCommonMac;
		};
		3BC4D5B7147387640098AA08 /* PBXContainerItemProxy */ = {
			isa = PBXContainerItemProxy;
			containerPortal = 3BC4D5AD147387640098AA08 /* LDCommon.xcodeproj */;
			proxyType = 2;
			remoteGlobalIDString = 3BC4D5821473847F0098AA08;
			remoteInfo = LDCommonIOS;
		};
		3BC4D5B9147387790098AA08 /* PBXContainerItemProxy */ = {
			isa = PBXContainerItemProxy;
			containerPortal = 3BC4D5AD147387640098AA08 /* LDCommon.xcodeproj */;
			proxyType = 1;
			remoteGlobalIDString = 3BC28EA11472DB65002EF7F4;
			remoteInfo = LDCommonMac;
		};
		3BE2484C143C54C100ED2176 /* PBXContainerItemProxy */ = {
			isa = PBXContainerItemProxy;
			containerPortal = 3BE2481E143C54C000ED2176 /* Project object */;
			proxyType = 1;
			remoteGlobalIDString = 3BE24826143C54C000ED2176;
			remoteInfo = LDServer;
		};
/* End PBXContainerItemProxy section */

/* Begin PBXFileReference section */
		3B2B99BF143C5CEA008889D1 /* MainViewController.h */ = {isa = PBXFileReference; fileEncoding = 4; lastKnownFileType = sourcecode.c.h; name = MainViewController.h; path = ../MainViewController.h; sourceTree = "<group>"; };
		3B2B99C0143C5CEA008889D1 /* MainViewController.m */ = {isa = PBXFileReference; fileEncoding = 4; lastKnownFileType = sourcecode.c.objc; name = MainViewController.m; path = ../MainViewController.m; sourceTree = "<group>"; };
		3B2B99C1143C5CEA008889D1 /* MainViewController.xib */ = {isa = PBXFileReference; fileEncoding = 4; lastKnownFileType = file.xib; name = MainViewController.xib; path = ../MainViewController.xib; sourceTree = "<group>"; };
		3B39A600146274F1009B7A7E /* NSOutlineView+Additions.h */ = {isa = PBXFileReference; fileEncoding = 4; lastKnownFileType = sourcecode.c.h; name = "NSOutlineView+Additions.h"; path = "UI/NSOutlineView+Additions.h"; sourceTree = "<group>"; };
		3B39A601146274F1009B7A7E /* NSOutlineView+Additions.m */ = {isa = PBXFileReference; fileEncoding = 4; lastKnownFileType = sourcecode.c.objc; name = "NSOutlineView+Additions.m"; path = "UI/NSOutlineView+Additions.m"; sourceTree = "<group>"; };
		3B3B9FEB146D310D0050585D /* DefaultCommandHandler.h */ = {isa = PBXFileReference; fileEncoding = 4; lastKnownFileType = sourcecode.c.h; path = DefaultCommandHandler.h; sourceTree = "<group>"; };
		3B3B9FEC146D310D0050585D /* DefaultCommandHandler.m */ = {isa = PBXFileReference; fileEncoding = 4; lastKnownFileType = sourcecode.c.objc; path = DefaultCommandHandler.m; sourceTree = "<group>"; };
		3B564068144C525D00F1C427 /* Logger.h */ = {isa = PBXFileReference; fileEncoding = 4; lastKnownFileType = sourcecode.c.h; path = Logger.h; sourceTree = "<group>"; };
		3B564069144C525D00F1C427 /* Logger.m */ = {isa = PBXFileReference; fileEncoding = 4; lastKnownFileType = sourcecode.c.objc; path = Logger.m; sourceTree = "<group>"; };
		3B56406B144C5F7800F1C427 /* LogViewController.h */ = {isa = PBXFileReference; fileEncoding = 4; lastKnownFileType = sourcecode.c.h; path = LogViewController.h; sourceTree = "<group>"; };
		3B56406C144C5F7800F1C427 /* LogViewController.m */ = {isa = PBXFileReference; fileEncoding = 4; lastKnownFileType = sourcecode.c.objc; path = LogViewController.m; sourceTree = "<group>"; };
		3B56406D144C5F7800F1C427 /* LogViewController.xib */ = {isa = PBXFileReference; fileEncoding = 4; lastKnownFileType = file.xib; path = LogViewController.xib; sourceTree = "<group>"; };
		3B564070144C659D00F1C427 /* LogMessage.h */ = {isa = PBXFileReference; fileEncoding = 4; lastKnownFileType = sourcecode.c.h; path = LogMessage.h; sourceTree = "<group>"; };
		3B564071144C659D00F1C427 /* LogMessage.m */ = {isa = PBXFileReference; fileEncoding = 4; lastKnownFileType = sourcecode.c.objc; path = LogMessage.m; sourceTree = "<group>"; };
		3B62F8B814640B6300773D7C /* CGRectAdapter.h */ = {isa = PBXFileReference; fileEncoding = 4; lastKnownFileType = sourcecode.c.h; path = CGRectAdapter.h; sourceTree = "<group>"; };
		3B62F8B914640B6300773D7C /* CGRectAdapter.m */ = {isa = PBXFileReference; fileEncoding = 4; lastKnownFileType = sourcecode.c.objc; path = CGRectAdapter.m; sourceTree = "<group>"; };
		3B62F8BA14640B6300773D7C /* EnumAdapter.h */ = {isa = PBXFileReference; fileEncoding = 4; lastKnownFileType = sourcecode.c.h; path = EnumAdapter.h; sourceTree = "<group>"; };
		3B62F8BB14640B6300773D7C /* EnumAdapter.m */ = {isa = PBXFileReference; fileEncoding = 4; lastKnownFileType = sourcecode.c.objc; path = EnumAdapter.m; sourceTree = "<group>"; };
		3B62F8BC14640B6300773D7C /* FloatAdapter.h */ = {isa = PBXFileReference; fileEncoding = 4; lastKnownFileType = sourcecode.c.h; path = FloatAdapter.h; sourceTree = "<group>"; };
		3B62F8BD14640B6300773D7C /* FloatAdapter.m */ = {isa = PBXFileReference; fileEncoding = 4; lastKnownFileType = sourcecode.c.objc; path = FloatAdapter.m; sourceTree = "<group>"; };
		3B62F8BE14640B6300773D7C /* IntegerAdapter.h */ = {isa = PBXFileReference; fileEncoding = 4; lastKnownFileType = sourcecode.c.h; path = IntegerAdapter.h; sourceTree = "<group>"; };
		3B62F8BF14640B6300773D7C /* IntegerAdapter.m */ = {isa = PBXFileReference; fileEncoding = 4; lastKnownFileType = sourcecode.c.objc; path = IntegerAdapter.m; sourceTree = "<group>"; };
		3B62F8C014640B6300773D7C /* NSStringAdapter.h */ = {isa = PBXFileReference; fileEncoding = 4; lastKnownFileType = sourcecode.c.h; path = NSStringAdapter.h; sourceTree = "<group>"; };
		3B62F8C114640B6300773D7C /* NSStringAdapter.m */ = {isa = PBXFileReference; fileEncoding = 4; lastKnownFileType = sourcecode.c.objc; path = NSStringAdapter.m; sourceTree = "<group>"; };
		3B62F8C214640B6300773D7C /* TypeAdapter.h */ = {isa = PBXFileReference; fileEncoding = 4; lastKnownFileType = sourcecode.c.h; path = TypeAdapter.h; sourceTree = "<group>"; };
		3B62F8C314640B6300773D7C /* UIColorAdapter.h */ = {isa = PBXFileReference; fileEncoding = 4; lastKnownFileType = sourcecode.c.h; path = UIColorAdapter.h; sourceTree = "<group>"; };
		3B62F8C414640B6300773D7C /* UIColorAdapter.m */ = {isa = PBXFileReference; fileEncoding = 4; lastKnownFileType = sourcecode.c.objc; path = UIColorAdapter.m; sourceTree = "<group>"; };
		3B62F8C514640B6300773D7C /* UIImageAdapter.h */ = {isa = PBXFileReference; fileEncoding = 4; lastKnownFileType = sourcecode.c.h; path = UIImageAdapter.h; sourceTree = "<group>"; };
		3B62F8C614640B6300773D7C /* UIImageAdapter.m */ = {isa = PBXFileReference; fileEncoding = 4; lastKnownFileType = sourcecode.c.objc; path = UIImageAdapter.m; sourceTree = "<group>"; };
		3B62F8D01465154B00773D7C /* CodeGenerating.h */ = {isa = PBXFileReference; fileEncoding = 4; lastKnownFileType = sourcecode.c.h; path = CodeGenerating.h; sourceTree = "<group>"; };
		3B62F8D21467B92D00773D7C /* InputViewMap.h */ = {isa = PBXFileReference; fileEncoding = 4; lastKnownFileType = sourcecode.c.h; path = InputViewMap.h; sourceTree = "<group>"; };
		3B62F8D31467B92D00773D7C /* InputViewMap.m */ = {isa = PBXFileReference; fileEncoding = 4; lastKnownFileType = sourcecode.c.objc; path = InputViewMap.m; sourceTree = "<group>"; };
		3B9E5DF5144E059D007526A0 /* RootViewController.h */ = {isa = PBXFileReference; fileEncoding = 4; lastKnownFileType = sourcecode.c.h; name = RootViewController.h; path = ../RootViewController.h; sourceTree = "<group>"; };
		3B9E5DF6144E059D007526A0 /* RootViewController.m */ = {isa = PBXFileReference; fileEncoding = 4; lastKnownFileType = sourcecode.c.objc; name = RootViewController.m; path = ../RootViewController.m; sourceTree = "<group>"; };
		3B9E5DF7144E059D007526A0 /* RootViewController.xib */ = {isa = PBXFileReference; fileEncoding = 4; lastKnownFileType = file.xib; name = RootViewController.xib; path = ../RootViewController.xib; sourceTree = "<group>"; };
		3BC4D5AD147387640098AA08 /* LDCommon.xcodeproj */ = {isa = PBXFileReference; lastKnownFileType = "wrapper.pb-project"; name = LDCommon.xcodeproj; path = ../LDCommon/LDCommon.xcodeproj; sourceTree = "<group>"; };
		3BE24827143C54C000ED2176 /* LDServer.app */ = {isa = PBXFileReference; explicitFileType = wrapper.application; includeInIndex = 0; path = LDServer.app; sourceTree = BUILT_PRODUCTS_DIR; };
		3BE2482B143C54C000ED2176 /* Cocoa.framework */ = {isa = PBXFileReference; lastKnownFileType = wrapper.framework; name = Cocoa.framework; path = System/Library/Frameworks/Cocoa.framework; sourceTree = SDKROOT; };
		3BE2482E143C54C000ED2176 /* AppKit.framework */ = {isa = PBXFileReference; lastKnownFileType = wrapper.framework; name = AppKit.framework; path = System/Library/Frameworks/AppKit.framework; sourceTree = SDKROOT; };
		3BE2482F143C54C000ED2176 /* CoreData.framework */ = {isa = PBXFileReference; lastKnownFileType = wrapper.framework; name = CoreData.framework; path = System/Library/Frameworks/CoreData.framework; sourceTree = SDKROOT; };
		3BE24830143C54C000ED2176 /* Foundation.framework */ = {isa = PBXFileReference; lastKnownFileType = wrapper.framework; name = Foundation.framework; path = System/Library/Frameworks/Foundation.framework; sourceTree = SDKROOT; };
		3BE24833143C54C000ED2176 /* LDServer-Info.plist */ = {isa = PBXFileReference; lastKnownFileType = text.plist.xml; path = "LDServer-Info.plist"; sourceTree = "<group>"; };
		3BE24835143C54C000ED2176 /* en */ = {isa = PBXFileReference; lastKnownFileType = text.plist.strings; name = en; path = en.lproj/InfoPlist.strings; sourceTree = "<group>"; };
		3BE24837143C54C000ED2176 /* main.m */ = {isa = PBXFileReference; lastKnownFileType = sourcecode.c.objc; path = main.m; sourceTree = "<group>"; };
		3BE24839143C54C000ED2176 /* LDServer-Prefix.pch */ = {isa = PBXFileReference; lastKnownFileType = sourcecode.c.h; path = "LDServer-Prefix.pch"; sourceTree = "<group>"; };
		3BE2483B143C54C000ED2176 /* en */ = {isa = PBXFileReference; lastKnownFileType = text.rtf; name = en; path = en.lproj/Credits.rtf; sourceTree = "<group>"; };
		3BE2483D143C54C000ED2176 /* LDAppDelegate.h */ = {isa = PBXFileReference; lastKnownFileType = sourcecode.c.h; path = LDAppDelegate.h; sourceTree = "<group>"; };
		3BE2483E143C54C000ED2176 /* LDAppDelegate.m */ = {isa = PBXFileReference; lastKnownFileType = sourcecode.c.objc; path = LDAppDelegate.m; sourceTree = "<group>"; };
		3BE24841143C54C100ED2176 /* en */ = {isa = PBXFileReference; lastKnownFileType = file.xib; name = en; path = en.lproj/MainMenu.xib; sourceTree = "<group>"; };
		3BE24848143C54C100ED2176 /* LDServerTests.octest */ = {isa = PBXFileReference; explicitFileType = wrapper.cfbundle; includeInIndex = 0; path = LDServerTests.octest; sourceTree = BUILT_PRODUCTS_DIR; };
		3BE24849143C54C100ED2176 /* SenTestingKit.framework */ = {isa = PBXFileReference; lastKnownFileType = wrapper.framework; name = SenTestingKit.framework; path = Library/Frameworks/SenTestingKit.framework; sourceTree = DEVELOPER_DIR; };
		3BE24850143C54C100ED2176 /* LDServerTests-Info.plist */ = {isa = PBXFileReference; lastKnownFileType = text.plist.xml; path = "LDServerTests-Info.plist"; sourceTree = "<group>"; };
		3BE24852143C54C100ED2176 /* en */ = {isa = PBXFileReference; lastKnownFileType = text.plist.strings; name = en; path = en.lproj/InfoPlist.strings; sourceTree = "<group>"; };
		3BE24854143C54C100ED2176 /* LDServerTests.h */ = {isa = PBXFileReference; lastKnownFileType = sourcecode.c.h; path = LDServerTests.h; sourceTree = "<group>"; };
		3BE24855143C54C100ED2176 /* LDServerTests.m */ = {isa = PBXFileReference; lastKnownFileType = sourcecode.c.objc; path = LDServerTests.m; sourceTree = "<group>"; };
		3BE24863143C551500ED2176 /* LDCommand.h */ = {isa = PBXFileReference; fileEncoding = 4; lastKnownFileType = sourcecode.c.h; path = LDCommand.h; sourceTree = "<group>"; };
		3BE24864143C551500ED2176 /* LDCommand.m */ = {isa = PBXFileReference; fileEncoding = 4; lastKnownFileType = sourcecode.c.objc; path = LDCommand.m; sourceTree = "<group>"; };
		3BE24865143C551500ED2176 /* LDLayerProperty.h */ = {isa = PBXFileReference; fileEncoding = 4; lastKnownFileType = sourcecode.c.h; path = LDLayerProperty.h; sourceTree = "<group>"; };
		3BE24866143C551500ED2176 /* LDLayerProperty.m */ = {isa = PBXFileReference; fileEncoding = 4; lastKnownFileType = sourcecode.c.objc; path = LDLayerProperty.m; sourceTree = "<group>"; };
		3BE24867143C551500ED2176 /* LDMessageParam.h */ = {isa = PBXFileReference; fileEncoding = 4; lastKnownFileType = sourcecode.c.h; path = LDMessageParam.h; sourceTree = "<group>"; };
		3BE24868143C551500ED2176 /* LDMessageParam.m */ = {isa = PBXFileReference; fileEncoding = 4; lastKnownFileType = sourcecode.c.objc; path = LDMessageParam.m; sourceTree = "<group>"; };
		3BE24877143C551500ED2176 /* LDView.h */ = {isa = PBXFileReference; fileEncoding = 4; lastKnownFileType = sourcecode.c.h; path = LDView.h; sourceTree = "<group>"; };
		3BE24878143C551500ED2176 /* LDView.m */ = {isa = PBXFileReference; fileEncoding = 4; lastKnownFileType = sourcecode.c.objc; path = LDView.m; sourceTree = "<group>"; };
		3BE24879143C551500ED2176 /* LDMessage.h */ = {isa = PBXFileReference; fileEncoding = 4; lastKnownFileType = sourcecode.c.h; path = LDMessage.h; sourceTree = "<group>"; };
		3BE2487A143C551500ED2176 /* LDMessage.m */ = {isa = PBXFileReference; fileEncoding = 4; lastKnownFileType = sourcecode.c.objc; path = LDMessage.m; sourceTree = "<group>"; };
		3BE2487B143C551500ED2176 /* LDProperty.h */ = {isa = PBXFileReference; fileEncoding = 4; lastKnownFileType = sourcecode.c.h; path = LDProperty.h; sourceTree = "<group>"; };
		3BE2487C143C551500ED2176 /* LDProperty.m */ = {isa = PBXFileReference; fileEncoding = 4; lastKnownFileType = sourcecode.c.objc; path = LDProperty.m; sourceTree = "<group>"; };
		3BE2487E143C551500ED2176 /* CGRectControl.xib */ = {isa = PBXFileReference; fileEncoding = 4; lastKnownFileType = file.xib; path = CGRectControl.xib; sourceTree = "<group>"; };
		3BE2487F143C551500ED2176 /* UIColorInput.xib */ = {isa = PBXFileReference; fileEncoding = 4; lastKnownFileType = file.xib; path = UIColorInput.xib; sourceTree = "<group>"; };
		3BE24880143C551500ED2176 /* UIColorInputView.h */ = {isa = PBXFileReference; fileEncoding = 4; lastKnownFileType = sourcecode.c.h; path = UIColorInputView.h; sourceTree = "<group>"; };
		3BE24881143C551500ED2176 /* UIColorInputView.m */ = {isa = PBXFileReference; fileEncoding = 4; lastKnownFileType = sourcecode.c.objc; path = UIColorInputView.m; sourceTree = "<group>"; };
		3BE24882143C551500ED2176 /* InputView.h */ = {isa = PBXFileReference; fileEncoding = 4; lastKnownFileType = sourcecode.c.h; path = InputView.h; sourceTree = "<group>"; };
		3BE24884143C551500ED2176 /* EnumInput.xib */ = {isa = PBXFileReference; fileEncoding = 4; lastKnownFileType = file.xib; path = EnumInput.xib; sourceTree = "<group>"; };
		3BE24885143C551500ED2176 /* EnumInputView.h */ = {isa = PBXFileReference; fileEncoding = 4; lastKnownFileType = sourcecode.c.h; path = EnumInputView.h; sourceTree = "<group>"; };
		3BE24886143C551500ED2176 /* EnumInputView.m */ = {isa = PBXFileReference; fileEncoding = 4; lastKnownFileType = sourcecode.c.objc; path = EnumInputView.m; sourceTree = "<group>"; };
		3BE24887143C551500ED2176 /* FloatInputView.h */ = {isa = PBXFileReference; fileEncoding = 4; lastKnownFileType = sourcecode.c.h; path = FloatInputView.h; sourceTree = "<group>"; };
		3BE24888143C551500ED2176 /* FloatInputView.m */ = {isa = PBXFileReference; fileEncoding = 4; lastKnownFileType = sourcecode.c.objc; path = FloatInputView.m; sourceTree = "<group>"; };
		3BE24889143C551500ED2176 /* FloatInput.xib */ = {isa = PBXFileReference; fileEncoding = 4; lastKnownFileType = file.xib; path = FloatInput.xib; sourceTree = "<group>"; };
		3BE2488A143C551500ED2176 /* CGRectInput.xib */ = {isa = PBXFileReference; fileEncoding = 4; lastKnownFileType = file.xib; path = CGRectInput.xib; sourceTree = "<group>"; };
		3BE2488B143C551500ED2176 /* CGRectInputView.h */ = {isa = PBXFileReference; fileEncoding = 4; lastKnownFileType = sourcecode.c.h; path = CGRectInputView.h; sourceTree = "<group>"; };
		3BE2488C143C551600ED2176 /* CGRectInputView.m */ = {isa = PBXFileReference; fileEncoding = 4; lastKnownFileType = sourcecode.c.objc; path = CGRectInputView.m; sourceTree = "<group>"; };
		3BE2488D143C551600ED2176 /* UIImageInput.xib */ = {isa = PBXFileReference; fileEncoding = 4; lastKnownFileType = file.xib; path = UIImageInput.xib; sourceTree = "<group>"; };
		3BE2488E143C551600ED2176 /* UIImageInputView.h */ = {isa = PBXFileReference; fileEncoding = 4; lastKnownFileType = sourcecode.c.h; path = UIImageInputView.h; sourceTree = "<group>"; };
		3BE2488F143C551600ED2176 /* UIImageInputView.m */ = {isa = PBXFileReference; fileEncoding = 4; lastKnownFileType = sourcecode.c.objc; path = UIImageInputView.m; sourceTree = "<group>"; };
		3BE24890143C551600ED2176 /* NSStringInput.xib */ = {isa = PBXFileReference; fileEncoding = 4; lastKnownFileType = file.xib; path = NSStringInput.xib; sourceTree = "<group>"; };
		3BE24891143C551600ED2176 /* NSStringInputView.h */ = {isa = PBXFileReference; fileEncoding = 4; lastKnownFileType = sourcecode.c.h; path = NSStringInputView.h; sourceTree = "<group>"; };
		3BE24892143C551600ED2176 /* NSStringInputView.m */ = {isa = PBXFileReference; fileEncoding = 4; lastKnownFileType = sourcecode.c.objc; path = NSStringInputView.m; sourceTree = "<group>"; };
		3BE24894143C551600ED2176 /* AppConfig.h */ = {isa = PBXFileReference; fileEncoding = 4; lastKnownFileType = sourcecode.c.h; path = AppConfig.h; sourceTree = "<group>"; };
		3BE24895143C551600ED2176 /* AppConfig.m */ = {isa = PBXFileReference; fileEncoding = 4; lastKnownFileType = sourcecode.c.objc; path = AppConfig.m; sourceTree = "<group>"; };
		3BE24896143C551600ED2176 /* Connection.h */ = {isa = PBXFileReference; fileEncoding = 4; lastKnownFileType = sourcecode.c.h; path = Connection.h; sourceTree = "<group>"; };
		3BE24897143C551600ED2176 /* Connection.m */ = {isa = PBXFileReference; fileEncoding = 4; lastKnownFileType = sourcecode.c.objc; path = Connection.m; sourceTree = "<group>"; };
		3BE24898143C551600ED2176 /* ConnectionDelegate.h */ = {isa = PBXFileReference; fileEncoding = 4; lastKnownFileType = sourcecode.c.h; path = ConnectionDelegate.h; sourceTree = "<group>"; };
		3BE24899143C551600ED2176 /* LDHost.h */ = {isa = PBXFileReference; fileEncoding = 4; lastKnownFileType = sourcecode.c.h; path = LDHost.h; sourceTree = "<group>"; };
		3BE2489A143C551600ED2176 /* LDHost.m */ = {isa = PBXFileReference; fileEncoding = 4; lastKnownFileType = sourcecode.c.objc; path = LDHost.m; sourceTree = "<group>"; };
		3BE2489B143C551600ED2176 /* Server.h */ = {isa = PBXFileReference; fileEncoding = 4; lastKnownFileType = sourcecode.c.h; path = Server.h; sourceTree = "<group>"; };
		3BE2489C143C551600ED2176 /* Server.m */ = {isa = PBXFileReference; fileEncoding = 4; lastKnownFileType = sourcecode.c.objc; path = Server.m; sourceTree = "<group>"; };
		3BE2489D143C551600ED2176 /* ServerBrowser.h */ = {isa = PBXFileReference; fileEncoding = 4; lastKnownFileType = sourcecode.c.h; path = ServerBrowser.h; sourceTree = "<group>"; };
		3BE2489E143C551600ED2176 /* ServerBrowser.m */ = {isa = PBXFileReference; fileEncoding = 4; lastKnownFileType = sourcecode.c.objc; path = ServerBrowser.m; sourceTree = "<group>"; };
		3BE2489F143C551600ED2176 /* ServerBrowserDelegate.h */ = {isa = PBXFileReference; fileEncoding = 4; lastKnownFileType = sourcecode.c.h; path = ServerBrowserDelegate.h; sourceTree = "<group>"; };
		3BE248A0143C551600ED2176 /* ServerDelegate.h */ = {isa = PBXFileReference; fileEncoding = 4; lastKnownFileType = sourcecode.c.h; path = ServerDelegate.h; sourceTree = "<group>"; };
		3BE248A1143C551600ED2176 /* OutlineViewWithKeyDownHandling.h */ = {isa = PBXFileReference; fileEncoding = 4; lastKnownFileType = sourcecode.c.h; name = OutlineViewWithKeyDownHandling.h; path = ../OutlineViewWithKeyDownHandling.h; sourceTree = "<group>"; };
		3BE248A2143C551600ED2176 /* OutlineViewWithKeyDownHandling.m */ = {isa = PBXFileReference; fileEncoding = 4; lastKnownFileType = sourcecode.c.objc; name = OutlineViewWithKeyDownHandling.m; path = ../OutlineViewWithKeyDownHandling.m; sourceTree = "<group>"; };
/* End PBXFileReference section */

/* Begin PBXFrameworksBuildPhase section */
		3BE24824143C54C000ED2176 /* Frameworks */ = {
			isa = PBXFrameworksBuildPhase;
			buildActionMask = 2147483647;
			files = (
				3BC4D5BB1473877E0098AA08 /* libLDCommonMac.a in Frameworks */,
				3BE2482C143C54C000ED2176 /* Cocoa.framework in Frameworks */,
			);
			runOnlyForDeploymentPostprocessing = 0;
		};
		3BE24844143C54C100ED2176 /* Frameworks */ = {
			isa = PBXFrameworksBuildPhase;
			buildActionMask = 2147483647;
			files = (
				3BE2484A143C54C100ED2176 /* SenTestingKit.framework in Frameworks */,
				3BE2484B143C54C100ED2176 /* Cocoa.framework in Frameworks */,
			);
			runOnlyForDeploymentPostprocessing = 0;
		};
/* End PBXFrameworksBuildPhase section */

/* Begin PBXGroup section */
		3B39A5FE146274AF009B7A7E /* Additions */ = {
			isa = PBXGroup;
			children = (
				3B39A600146274F1009B7A7E /* NSOutlineView+Additions.h */,
				3B39A601146274F1009B7A7E /* NSOutlineView+Additions.m */,
			);
			name = Additions;
			sourceTree = "<group>";
		};
		3B3B9FE9146D30EF0050585D /* CommandHandler */ = {
			isa = PBXGroup;
			children = (
				3B3B9FEB146D310D0050585D /* DefaultCommandHandler.h */,
				3B3B9FEC146D310D0050585D /* DefaultCommandHandler.m */,
			);
			name = CommandHandler;
			sourceTree = "<group>";
		};
		3B564066144C51F500F1C427 /* logging */ = {
			isa = PBXGroup;
			children = (
				3B564068144C525D00F1C427 /* Logger.h */,
				3B564069144C525D00F1C427 /* Logger.m */,
				3B56406B144C5F7800F1C427 /* LogViewController.h */,
				3B56406C144C5F7800F1C427 /* LogViewController.m */,
				3B56406D144C5F7800F1C427 /* LogViewController.xib */,
				3B564070144C659D00F1C427 /* LogMessage.h */,
				3B564071144C659D00F1C427 /* LogMessage.m */,
			);
			path = logging;
			sourceTree = "<group>";
		};
		3B62F89D146408D600773D7C /* supportedParams */ = {
			isa = PBXGroup;
			children = (
				3B62F8B814640B6300773D7C /* CGRectAdapter.h */,
				3B62F8B914640B6300773D7C /* CGRectAdapter.m */,
				3B62F8BA14640B6300773D7C /* EnumAdapter.h */,
				3B62F8BB14640B6300773D7C /* EnumAdapter.m */,
				3B62F8BC14640B6300773D7C /* FloatAdapter.h */,
				3B62F8BD14640B6300773D7C /* FloatAdapter.m */,
				3B62F8BE14640B6300773D7C /* IntegerAdapter.h */,
				3B62F8BF14640B6300773D7C /* IntegerAdapter.m */,
				3B62F8C014640B6300773D7C /* NSStringAdapter.h */,
				3B62F8C114640B6300773D7C /* NSStringAdapter.m */,
				3B62F8C314640B6300773D7C /* UIColorAdapter.h */,
				3B62F8C414640B6300773D7C /* UIColorAdapter.m */,
				3B62F8C514640B6300773D7C /* UIImageAdapter.h */,
				3B62F8C614640B6300773D7C /* UIImageAdapter.m */,
				3B62F8C214640B6300773D7C /* TypeAdapter.h */,
				3B62F8D01465154B00773D7C /* CodeGenerating.h */,
			);
			name = supportedParams;
			sourceTree = "<group>";
		};
		3B62F8CE1464211E00773D7C /* New Group */ = {
			isa = PBXGroup;
			children = (
				3B62F8D21467B92D00773D7C /* InputViewMap.h */,
				3B62F8D31467B92D00773D7C /* InputViewMap.m */,
			);
			name = "New Group";
			sourceTree = "<group>";
		};
		3BC4D5AE147387640098AA08 /* Products */ = {
			isa = PBXGroup;
			children = (
				3BC4D5B6147387640098AA08 /* libLDCommonMac.a */,
				3BC4D5B8147387640098AA08 /* libLDCommonIOS.a */,
			);
			name = Products;
			sourceTree = "<group>";
		};
		3BE2481C143C54C000ED2176 = {
			isa = PBXGroup;
			children = (
				3BC4D5AD147387640098AA08 /* LDCommon.xcodeproj */,
				3BE24831143C54C000ED2176 /* LDServer */,
				3BE2484E143C54C100ED2176 /* LDServerTests */,
				3BE2482A143C54C000ED2176 /* Frameworks */,
				3BE24828143C54C000ED2176 /* Products */,
			);
			sourceTree = "<group>";
		};
		3BE24828143C54C000ED2176 /* Products */ = {
			isa = PBXGroup;
			children = (
				3BE24827143C54C000ED2176 /* LDServer.app */,
				3BE24848143C54C100ED2176 /* LDServerTests.octest */,
			);
			name = Products;
			sourceTree = "<group>";
		};
		3BE2482A143C54C000ED2176 /* Frameworks */ = {
			isa = PBXGroup;
			children = (
				3BE2482B143C54C000ED2176 /* Cocoa.framework */,
				3BE24849143C54C100ED2176 /* SenTestingKit.framework */,
				3BE2482D143C54C000ED2176 /* Other Frameworks */,
			);
			name = Frameworks;
			sourceTree = "<group>";
		};
		3BE2482D143C54C000ED2176 /* Other Frameworks */ = {
			isa = PBXGroup;
			children = (
				3BE2482E143C54C000ED2176 /* AppKit.framework */,
				3BE2482F143C54C000ED2176 /* CoreData.framework */,
				3BE24830143C54C000ED2176 /* Foundation.framework */,
			);
			name = "Other Frameworks";
			sourceTree = "<group>";
		};
		3BE24831143C54C000ED2176 /* LDServer */ = {
			isa = PBXGroup;
			children = (
				3B3B9FE9146D30EF0050585D /* CommandHandler */,
				3B39A5FE146274AF009B7A7E /* Additions */,
				3BF4C9F4144E950F00697DCC /* UI */,
				3B564066144C51F500F1C427 /* logging */,
				3BE24862143C551500ED2176 /* Messaging */,
				3BE24893143C551600ED2176 /* network */,
				3BE2483D143C54C000ED2176 /* LDAppDelegate.h */,
				3BE2483E143C54C000ED2176 /* LDAppDelegate.m */,
				3BE24840143C54C100ED2176 /* MainMenu.xib */,
				3BE24832143C54C000ED2176 /* Supporting Files */,
			);
			path = LDServer;
			sourceTree = "<group>";
		};
		3BE24832143C54C000ED2176 /* Supporting Files */ = {
			isa = PBXGroup;
			children = (
				3BE24833143C54C000ED2176 /* LDServer-Info.plist */,
				3BE24834143C54C000ED2176 /* InfoPlist.strings */,
				3BE24837143C54C000ED2176 /* main.m */,
				3BE24839143C54C000ED2176 /* LDServer-Prefix.pch */,
				3BE2483A143C54C000ED2176 /* Credits.rtf */,
			);
			name = "Supporting Files";
			sourceTree = "<group>";
		};
		3BE2484E143C54C100ED2176 /* LDServerTests */ = {
			isa = PBXGroup;
			children = (
				3BE24854143C54C100ED2176 /* LDServerTests.h */,
				3BE24855143C54C100ED2176 /* LDServerTests.m */,
				3BE2484F143C54C100ED2176 /* Supporting Files */,
			);
			path = LDServerTests;
			sourceTree = "<group>";
		};
		3BE2484F143C54C100ED2176 /* Supporting Files */ = {
			isa = PBXGroup;
			children = (
				3BE24850143C54C100ED2176 /* LDServerTests-Info.plist */,
				3BE24851143C54C100ED2176 /* InfoPlist.strings */,
			);
			name = "Supporting Files";
			sourceTree = "<group>";
		};
		3BE24862143C551500ED2176 /* Messaging */ = {
			isa = PBXGroup;
			children = (
				3B62F8CE1464211E00773D7C /* New Group */,
				3B62F89D146408D600773D7C /* supportedParams */,
				3BE24863143C551500ED2176 /* LDCommand.h */,
				3BE24864143C551500ED2176 /* LDCommand.m */,
				3BE24865143C551500ED2176 /* LDLayerProperty.h */,
				3BE24866143C551500ED2176 /* LDLayerProperty.m */,
				3BE24867143C551500ED2176 /* LDMessageParam.h */,
				3BE24868143C551500ED2176 /* LDMessageParam.m */,
				3BE24877143C551500ED2176 /* LDView.h */,
				3BE24878143C551500ED2176 /* LDView.m */,
				3BE24879143C551500ED2176 /* LDMessage.h */,
				3BE2487A143C551500ED2176 /* LDMessage.m */,
				3BE2487B143C551500ED2176 /* LDProperty.h */,
				3BE2487C143C551500ED2176 /* LDProperty.m */,
				3BE2487D143C551500ED2176 /* Inputviews */,
			);
			path = Messaging;
			sourceTree = "<group>";
		};
		3BE2487D143C551500ED2176 /* Inputviews */ = {
			isa = PBXGroup;
			children = (
				3BE24882143C551500ED2176 /* InputView.h */,
				3BE2487E143C551500ED2176 /* CGRectControl.xib */,
				3BE2487F143C551500ED2176 /* UIColorInput.xib */,
				3BE24880143C551500ED2176 /* UIColorInputView.h */,
				3BE24881143C551500ED2176 /* UIColorInputView.m */,
				3BE24884143C551500ED2176 /* EnumInput.xib */,
				3BE24885143C551500ED2176 /* EnumInputView.h */,
				3BE24886143C551500ED2176 /* EnumInputView.m */,
				3BE24887143C551500ED2176 /* FloatInputView.h */,
				3BE24888143C551500ED2176 /* FloatInputView.m */,
				3BE24889143C551500ED2176 /* FloatInput.xib */,
				3BE2488A143C551500ED2176 /* CGRectInput.xib */,
				3BE2488B143C551500ED2176 /* CGRectInputView.h */,
				3BE2488C143C551600ED2176 /* CGRectInputView.m */,
				3BE2488D143C551600ED2176 /* UIImageInput.xib */,
				3BE2488E143C551600ED2176 /* UIImageInputView.h */,
				3BE2488F143C551600ED2176 /* UIImageInputView.m */,
				3BE24890143C551600ED2176 /* NSStringInput.xib */,
				3BE24891143C551600ED2176 /* NSStringInputView.h */,
				3BE24892143C551600ED2176 /* NSStringInputView.m */,
			);
			name = Inputviews;
			path = views;
			sourceTree = "<group>";
		};
		3BE24893143C551600ED2176 /* network */ = {
			isa = PBXGroup;
			children = (
				3BE24894143C551600ED2176 /* AppConfig.h */,
				3BE24895143C551600ED2176 /* AppConfig.m */,
				3BE24896143C551600ED2176 /* Connection.h */,
				3BE24897143C551600ED2176 /* Connection.m */,
				3BE24898143C551600ED2176 /* ConnectionDelegate.h */,
				3BE24899143C551600ED2176 /* LDHost.h */,
				3BE2489A143C551600ED2176 /* LDHost.m */,
				3BE2489B143C551600ED2176 /* Server.h */,
				3BE2489C143C551600ED2176 /* Server.m */,
				3BE2489D143C551600ED2176 /* ServerBrowser.h */,
				3BE2489E143C551600ED2176 /* ServerBrowser.m */,
				3BE2489F143C551600ED2176 /* ServerBrowserDelegate.h */,
				3BE248A0143C551600ED2176 /* ServerDelegate.h */,
			);
			path = network;
			sourceTree = "<group>";
		};
		3BF4C9F4144E950F00697DCC /* UI */ = {
			isa = PBXGroup;
			children = (
				3BE248A1143C551600ED2176 /* OutlineViewWithKeyDownHandling.h */,
				3BE248A2143C551600ED2176 /* OutlineViewWithKeyDownHandling.m */,
				3B9E5DF5144E059D007526A0 /* RootViewController.h */,
				3B9E5DF6144E059D007526A0 /* RootViewController.m */,
				3B9E5DF7144E059D007526A0 /* RootViewController.xib */,
				3B2B99BF143C5CEA008889D1 /* MainViewController.h */,
				3B2B99C0143C5CEA008889D1 /* MainViewController.m */,
				3B2B99C1143C5CEA008889D1 /* MainViewController.xib */,
			);
			path = UI;
			sourceTree = "<group>";
		};
/* End PBXGroup section */

/* Begin PBXNativeTarget section */
		3BE24826143C54C000ED2176 /* LDServer */ = {
			isa = PBXNativeTarget;
			buildConfigurationList = 3BE24859143C54C100ED2176 /* Build configuration list for PBXNativeTarget "LDServer" */;
			buildPhases = (
				3BE24823143C54C000ED2176 /* Sources */,
				3BE24824143C54C000ED2176 /* Frameworks */,
				3BE24825143C54C000ED2176 /* Resources */,
			);
			buildRules = (
			);
			dependencies = (
				3BC4D5BA147387790098AA08 /* PBXTargetDependency */,
			);
			name = LDServer;
			productName = LDServer;
			productReference = 3BE24827143C54C000ED2176 /* LDServer.app */;
			productType = "com.apple.product-type.application";
		};
		3BE24847143C54C100ED2176 /* LDServerTests */ = {
			isa = PBXNativeTarget;
			buildConfigurationList = 3BE2485C143C54C100ED2176 /* Build configuration list for PBXNativeTarget "LDServerTests" */;
			buildPhases = (
				3BE24843143C54C100ED2176 /* Sources */,
				3BE24844143C54C100ED2176 /* Frameworks */,
				3BE24845143C54C100ED2176 /* Resources */,
				3BE24846143C54C100ED2176 /* ShellScript */,
			);
			buildRules = (
			);
			dependencies = (
				3BE2484D143C54C100ED2176 /* PBXTargetDependency */,
			);
			name = LDServerTests;
			productName = LDServerTests;
			productReference = 3BE24848143C54C100ED2176 /* LDServerTests.octest */;
			productType = "com.apple.product-type.bundle";
		};
/* End PBXNativeTarget section */

/* Begin PBXProject section */
		3BE2481E143C54C000ED2176 /* Project object */ = {
			isa = PBXProject;
			attributes = {
				LastUpgradeCheck = 0420;
			};
			buildConfigurationList = 3BE24821143C54C000ED2176 /* Build configuration list for PBXProject "LDServer" */;
			compatibilityVersion = "Xcode 3.2";
			developmentRegion = English;
			hasScannedForEncodings = 0;
			knownRegions = (
				en,
			);
			mainGroup = 3BE2481C143C54C000ED2176;
			productRefGroup = 3BE24828143C54C000ED2176 /* Products */;
			projectDirPath = "";
			projectReferences = (
				{
					ProductGroup = 3BC4D5AE147387640098AA08 /* Products */;
					ProjectRef = 3BC4D5AD147387640098AA08 /* LDCommon.xcodeproj */;
				},
			);
			projectRoot = "";
			targets = (
				3BE24826143C54C000ED2176 /* LDServer */,
				3BE24847143C54C100ED2176 /* LDServerTests */,
			);
		};
/* End PBXProject section */

/* Begin PBXReferenceProxy section */
		3BC4D5B6147387640098AA08 /* libLDCommonMac.a */ = {
			isa = PBXReferenceProxy;
			fileType = archive.ar;
			path = libLDCommonMac.a;
			remoteRef = 3BC4D5B5147387640098AA08 /* PBXContainerItemProxy */;
			sourceTree = BUILT_PRODUCTS_DIR;
		};
		3BC4D5B8147387640098AA08 /* libLDCommonIOS.a */ = {
			isa = PBXReferenceProxy;
			fileType = archive.ar;
			path = libLDCommonIOS.a;
			remoteRef = 3BC4D5B7147387640098AA08 /* PBXContainerItemProxy */;
			sourceTree = BUILT_PRODUCTS_DIR;
		};
/* End PBXReferenceProxy section */

/* Begin PBXResourcesBuildPhase section */
		3BE24825143C54C000ED2176 /* Resources */ = {
			isa = PBXResourcesBuildPhase;
			buildActionMask = 2147483647;
			files = (
				3BE24836143C54C000ED2176 /* InfoPlist.strings in Resources */,
				3BE2483C143C54C000ED2176 /* Credits.rtf in Resources */,
				3BE24842143C54C100ED2176 /* MainMenu.xib in Resources */,
				3BE248B2143C551600ED2176 /* CGRectControl.xib in Resources */,
				3BE248B3143C551600ED2176 /* UIColorInput.xib in Resources */,
				3BE248B6143C551600ED2176 /* EnumInput.xib in Resources */,
				3BE248B9143C551600ED2176 /* FloatInput.xib in Resources */,
				3BE248BA143C551600ED2176 /* CGRectInput.xib in Resources */,
				3BE248BC143C551600ED2176 /* UIImageInput.xib in Resources */,
				3BE248BE143C551600ED2176 /* NSStringInput.xib in Resources */,
				3B2B99C3143C5CEA008889D1 /* MainViewController.xib in Resources */,
				3B56406F144C5F7800F1C427 /* LogViewController.xib in Resources */,
				3B9E5DF9144E059D007526A0 /* RootViewController.xib in Resources */,
			);
			runOnlyForDeploymentPostprocessing = 0;
		};
		3BE24845143C54C100ED2176 /* Resources */ = {
			isa = PBXResourcesBuildPhase;
			buildActionMask = 2147483647;
			files = (
				3BE24853143C54C100ED2176 /* InfoPlist.strings in Resources */,
			);
			runOnlyForDeploymentPostprocessing = 0;
		};
/* End PBXResourcesBuildPhase section */

/* Begin PBXShellScriptBuildPhase section */
		3BE24846143C54C100ED2176 /* ShellScript */ = {
			isa = PBXShellScriptBuildPhase;
			buildActionMask = 2147483647;
			files = (
			);
			inputPaths = (
			);
			outputPaths = (
			);
			runOnlyForDeploymentPostprocessing = 0;
			shellPath = /bin/sh;
			shellScript = "# Run the unit tests in this test bundle.\n\"${SYSTEM_DEVELOPER_DIR}/Tools/RunUnitTests\"\n";
		};
/* End PBXShellScriptBuildPhase section */

/* Begin PBXSourcesBuildPhase section */
		3BE24823143C54C000ED2176 /* Sources */ = {
			isa = PBXSourcesBuildPhase;
			buildActionMask = 2147483647;
			files = (
				3BE24838143C54C000ED2176 /* main.m in Sources */,
				3BE2483F143C54C000ED2176 /* LDAppDelegate.m in Sources */,
				3BE248A5143C551600ED2176 /* LDCommand.m in Sources */,
				3BE248A6143C551600ED2176 /* LDLayerProperty.m in Sources */,
				3BE248A7143C551600ED2176 /* LDMessageParam.m in Sources */,
				3BE248AF143C551600ED2176 /* LDView.m in Sources */,
				3BE248B0143C551600ED2176 /* LDMessage.m in Sources */,
				3BE248B1143C551600ED2176 /* LDProperty.m in Sources */,
				3BE248B4143C551600ED2176 /* UIColorInputView.m in Sources */,
				3BE248B7143C551600ED2176 /* EnumInputView.m in Sources */,
				3BE248B8143C551600ED2176 /* FloatInputView.m in Sources */,
				3BE248BB143C551600ED2176 /* CGRectInputView.m in Sources */,
				3BE248BD143C551600ED2176 /* UIImageInputView.m in Sources */,
				3BE248BF143C551600ED2176 /* NSStringInputView.m in Sources */,
				3BE248C0143C551600ED2176 /* AppConfig.m in Sources */,
				3BE248C1143C551600ED2176 /* Connection.m in Sources */,
				3BE248C2143C551600ED2176 /* LDHost.m in Sources */,
				3BE248C3143C551600ED2176 /* Server.m in Sources */,
				3BE248C4143C551600ED2176 /* ServerBrowser.m in Sources */,
				3BE248C5143C551600ED2176 /* OutlineViewWithKeyDownHandling.m in Sources */,
				3B2B99C2143C5CEA008889D1 /* MainViewController.m in Sources */,
				3B56406A144C525D00F1C427 /* Logger.m in Sources */,
				3B56406E144C5F7800F1C427 /* LogViewController.m in Sources */,
				3B564072144C659E00F1C427 /* LogMessage.m in Sources */,
				3B9E5DF8144E059D007526A0 /* RootViewController.m in Sources */,
				3B39A602146274F1009B7A7E /* NSOutlineView+Additions.m in Sources */,
				3B62F8C714640B6300773D7C /* CGRectAdapter.m in Sources */,
				3B62F8C814640B6300773D7C /* EnumAdapter.m in Sources */,
				3B62F8C914640B6300773D7C /* FloatAdapter.m in Sources */,
				3B62F8CA14640B6300773D7C /* IntegerAdapter.m in Sources */,
				3B62F8CB14640B6300773D7C /* NSStringAdapter.m in Sources */,
				3B62F8CC14640B6300773D7C /* UIColorAdapter.m in Sources */,
				3B62F8CD14640B6300773D7C /* UIImageAdapter.m in Sources */,
				3B62F8D41467B92D00773D7C /* InputViewMap.m in Sources */,
				3B3B9FED146D310D0050585D /* DefaultCommandHandler.m in Sources */,
			);
			runOnlyForDeploymentPostprocessing = 0;
		};
		3BE24843143C54C100ED2176 /* Sources */ = {
			isa = PBXSourcesBuildPhase;
			buildActionMask = 2147483647;
			files = (
				3BE24856143C54C100ED2176 /* LDServerTests.m in Sources */,
			);
			runOnlyForDeploymentPostprocessing = 0;
		};
/* End PBXSourcesBuildPhase section */

/* Begin PBXTargetDependency section */
		3BC4D5BA147387790098AA08 /* PBXTargetDependency */ = {
			isa = PBXTargetDependency;
			name = LDCommonMac;
			targetProxy = 3BC4D5B9147387790098AA08 /* PBXContainerItemProxy */;
		};
		3BE2484D143C54C100ED2176 /* PBXTargetDependency */ = {
			isa = PBXTargetDependency;
			target = 3BE24826143C54C000ED2176 /* LDServer */;
			targetProxy = 3BE2484C143C54C100ED2176 /* PBXContainerItemProxy */;
		};
/* End PBXTargetDependency section */

/* Begin PBXVariantGroup section */
		3BE24834143C54C000ED2176 /* InfoPlist.strings */ = {
			isa = PBXVariantGroup;
			children = (
				3BE24835143C54C000ED2176 /* en */,
			);
			name = InfoPlist.strings;
			sourceTree = "<group>";
		};
		3BE2483A143C54C000ED2176 /* Credits.rtf */ = {
			isa = PBXVariantGroup;
			children = (
				3BE2483B143C54C000ED2176 /* en */,
			);
			name = Credits.rtf;
			sourceTree = "<group>";
		};
		3BE24840143C54C100ED2176 /* MainMenu.xib */ = {
			isa = PBXVariantGroup;
			children = (
				3BE24841143C54C100ED2176 /* en */,
			);
			name = MainMenu.xib;
			sourceTree = "<group>";
		};
		3BE24851143C54C100ED2176 /* InfoPlist.strings */ = {
			isa = PBXVariantGroup;
			children = (
				3BE24852143C54C100ED2176 /* en */,
			);
			name = InfoPlist.strings;
			sourceTree = "<group>";
		};
/* End PBXVariantGroup section */

/* Begin XCBuildConfiguration section */
		3BE24857143C54C100ED2176 /* Debug */ = {
			isa = XCBuildConfiguration;
			buildSettings = {
				ALWAYS_SEARCH_USER_PATHS = NO;
				ARCHS = "$(ARCHS_STANDARD_64_BIT)";
				COPY_PHASE_STRIP = NO;
				GCC_C_LANGUAGE_STANDARD = gnu99;
				GCC_DYNAMIC_NO_PIC = NO;
				GCC_ENABLE_OBJC_EXCEPTIONS = YES;
				GCC_OPTIMIZATION_LEVEL = 0;
				GCC_PREPROCESSOR_DEFINITIONS = (
					"DEBUG=1",
					"$(inherited)",
				);
				GCC_SYMBOLS_PRIVATE_EXTERN = NO;
				GCC_VERSION = com.apple.compilers.llvm.clang.1_0;
				GCC_WARN_64_TO_32_BIT_CONVERSION = YES;
				GCC_WARN_ABOUT_MISSING_PROTOTYPES = YES;
				GCC_WARN_ABOUT_RETURN_TYPE = YES;
				GCC_WARN_UNUSED_VARIABLE = YES;
				HEADER_SEARCH_PATHS = "${SRCROOT}/../LDCommon/**";
				MACOSX_DEPLOYMENT_TARGET = 10.7;
				ONLY_ACTIVE_ARCH = YES;
				SDKROOT = macosx;
			};
			name = Debug;
		};
		3BE24858143C54C100ED2176 /* Release */ = {
			isa = XCBuildConfiguration;
			buildSettings = {
				ALWAYS_SEARCH_USER_PATHS = NO;
				ARCHS = "$(ARCHS_STANDARD_64_BIT)";
				COPY_PHASE_STRIP = YES;
				DEBUG_INFORMATION_FORMAT = "dwarf-with-dsym";
				GCC_C_LANGUAGE_STANDARD = gnu99;
				GCC_ENABLE_OBJC_EXCEPTIONS = YES;
				GCC_VERSION = com.apple.compilers.llvm.clang.1_0;
				GCC_WARN_64_TO_32_BIT_CONVERSION = YES;
				GCC_WARN_ABOUT_MISSING_PROTOTYPES = YES;
				GCC_WARN_ABOUT_RETURN_TYPE = YES;
				GCC_WARN_UNUSED_VARIABLE = YES;
				HEADER_SEARCH_PATHS = "${SRCROOT}/../LDCommon/**";
				MACOSX_DEPLOYMENT_TARGET = 10.7;
				SDKROOT = macosx;
			};
			name = Release;
		};
		3BE2485A143C54C100ED2176 /* Debug */ = {
			isa = XCBuildConfiguration;
			buildSettings = {
				GCC_PRECOMPILE_PREFIX_HEADER = YES;
				GCC_PREFIX_HEADER = "LDServer/LDServer-Prefix.pch";
				INFOPLIST_FILE = "LDServer/LDServer-Info.plist";
				PRODUCT_NAME = "$(TARGET_NAME)";
				WRAPPER_EXTENSION = app;
			};
			name = Debug;
		};
		3BE2485B143C54C100ED2176 /* Release */ = {
			isa = XCBuildConfiguration;
			buildSettings = {
				GCC_PRECOMPILE_PREFIX_HEADER = YES;
				GCC_PREFIX_HEADER = "LDServer/LDServer-Prefix.pch";
				INFOPLIST_FILE = "LDServer/LDServer-Info.plist";
				PRODUCT_NAME = "$(TARGET_NAME)";
				WRAPPER_EXTENSION = app;
			};
			name = Release;
		};
		3BE2485D143C54C100ED2176 /* Debug */ = {
			isa = XCBuildConfiguration;
			buildSettings = {
				BUNDLE_LOADER = "$(BUILT_PRODUCTS_DIR)/LDServer.app/Contents/MacOS/LDServer";
				FRAMEWORK_SEARCH_PATHS = "$(DEVELOPER_LIBRARY_DIR)/Frameworks";
				GCC_PRECOMPILE_PREFIX_HEADER = YES;
				GCC_PREFIX_HEADER = "LDServer/LDServer-Prefix.pch";
				INFOPLIST_FILE = "LDServerTests/LDServerTests-Info.plist";
				PRODUCT_NAME = "$(TARGET_NAME)";
				TEST_HOST = "$(BUNDLE_LOADER)";
				WRAPPER_EXTENSION = octest;
			};
			name = Debug;
		};
		3BE2485E143C54C100ED2176 /* Release */ = {
			isa = XCBuildConfiguration;
			buildSettings = {
				BUNDLE_LOADER = "$(BUILT_PRODUCTS_DIR)/LDServer.app/Contents/MacOS/LDServer";
				FRAMEWORK_SEARCH_PATHS = "$(DEVELOPER_LIBRARY_DIR)/Frameworks";
				GCC_PRECOMPILE_PREFIX_HEADER = YES;
				GCC_PREFIX_HEADER = "LDServer/LDServer-Prefix.pch";
				INFOPLIST_FILE = "LDServerTests/LDServerTests-Info.plist";
				PRODUCT_NAME = "$(TARGET_NAME)";
				TEST_HOST = "$(BUNDLE_LOADER)";
				WRAPPER_EXTENSION = octest;
			};
			name = Release;
		};
/* End XCBuildConfiguration section */

/* Begin XCConfigurationList section */
		3BE24821143C54C000ED2176 /* Build configuration list for PBXProject "LDServer" */ = {
			isa = XCConfigurationList;
			buildConfigurations = (
				3BE24857143C54C100ED2176 /* Debug */,
				3BE24858143C54C100ED2176 /* Release */,
			);
			defaultConfigurationIsVisible = 0;
			defaultConfigurationName = Release;
		};
		3BE24859143C54C100ED2176 /* Build configuration list for PBXNativeTarget "LDServer" */ = {
			isa = XCConfigurationList;
			buildConfigurations = (
				3BE2485A143C54C100ED2176 /* Debug */,
				3BE2485B143C54C100ED2176 /* Release */,
			);
			defaultConfigurationIsVisible = 0;
			defaultConfigurationName = Release;
		};
		3BE2485C143C54C100ED2176 /* Build configuration list for PBXNativeTarget "LDServerTests" */ = {
			isa = XCConfigurationList;
			buildConfigurations = (
				3BE2485D143C54C100ED2176 /* Debug */,
				3BE2485E143C54C100ED2176 /* Release */,
			);
			defaultConfigurationIsVisible = 0;
			defaultConfigurationName = Release;
		};
/* End XCConfigurationList section */
	};
	rootObject = 3BE2481E143C54C000ED2176 /* Project object */;
}
